
Microsoft Visual Studio Solution File, Format Version 12.00
# Visual Studio 15
VisualStudioVersion = 15.0.27130.2036
MinimumVisualStudioVersion = 10.0.40219.1
Project("{2150E333-8FDC-42A3-9474-1A3956D46DE8}") = "2. Graphics", "2. Graphics", "{11BD9C14-3E95-4566-A54E-7EB31BA5E0D7}"
EndProject
Project("{2150E333-8FDC-42A3-9474-1A3956D46DE8}") = "1. Core", "1. Core", "{8CF7BC8A-3DF1-4F91-859A-EF40D322D41C}"
EndProject
Project("{2150E333-8FDC-42A3-9474-1A3956D46DE8}") = "5. Input", "5. Input", "{37485341-2D78-445A-8BFA-0506C6E3AAD0}"
EndProject
Project("{2150E333-8FDC-42A3-9474-1A3956D46DE8}") = "7. Engine", "7. Engine", "{CBC14149-B3A3-4260-9BE5-043ADCC0267A}"
EndProject
Project("{2150E333-8FDC-42A3-9474-1A3956D46DE8}") = "4. GameObject", "4. GameObject", "{615AE57E-86EA-4F89-9875-A66C8560D427}"
EndProject
Project("{8BC9CEB8-8B4A-11D0-8D11-00A0C91BC942}") = "CommonLib", "Source\CommonLib\CommonLib.vcxproj", "{4871EE05-3F6B-4558-B2B5-CAA7E79BA5E0}"
EndProject
Project("{8BC9CEB8-8B4A-11D0-8D11-00A0C91BC942}") = "DirectX", "Source\DirectX\DirectX.vcxproj", "{33BC314F-4C01-438A-9EB2-F5E5FCA06BA1}"
EndProject
Project("{8BC9CEB8-8B4A-11D0-8D11-00A0C91BC942}") = "Graphics", "Source\Graphics\Graphics.vcxproj", "{388C8BCE-27CC-4468-B2C3-514EAA2BA568}"
EndProject
Project("{8BC9CEB8-8B4A-11D0-8D11-00A0C91BC942}") = "Renderer", "Source\Renderer\Renderer.vcxproj", "{1F9647D1-C3A2-4677-AFE7-289E9F0EE2B9}"
EndProject
Project("{8BC9CEB8-8B4A-11D0-8D11-00A0C91BC942}") = "Input", "Source\Input\Input.vcxproj", "{32F8E8BB-2A4D-4255-BD47-ECA3E0F78E6E}"
EndProject
Project("{8BC9CEB8-8B4A-11D0-8D11-00A0C91BC942}") = "Engine", "Source\Engine\Engine.vcxproj", "{B0F8094E-A9E3-46B8-A323-74B31275543C}"
EndProject
Project("{8BC9CEB8-8B4A-11D0-8D11-00A0C91BC942}") = "XmlParser", "Source\XmlParser\XmlParser.vcxproj", "{AA24454A-53AA-492F-819B-D2B16289761F}"
EndProject
Project("{8BC9CEB8-8B4A-11D0-8D11-00A0C91BC942}") = "GameObject", "Source\GameObject\GameObject.vcxproj", "{965EEC9E-9CFB-40F0-959A-0F0B0339F4E8}"
EndProject
Project("{8BC9CEB8-8B4A-11D0-8D11-00A0C91BC942}") = "SoundSystem", "Source\SoundSystem\SoundSystem.vcxproj", "{708443E0-3B63-4E03-8196-CC8B75F8989C}"
EndProject
Project("{2150E333-8FDC-42A3-9474-1A3956D46DE8}") = "9_9. Studio", "9_9. Studio", "{C8CB8A66-982A-4084-B148-F87318F20A91}"
EndProject
Project("{8BC9CEB8-8B4A-11D0-8D11-00A0C91BC942}") = "LuaSystem", "Source\LuaSystem\LuaSystem.vcxproj", "{BEB2BA43-9E7A-424E-8698-77E6FD75D07E}"
EndProject
Project("{2150E333-8FDC-42A3-9474-1A3956D46DE8}") = "9. Contents", "9. Contents", "{6CCBF0D8-F460-4FAD-9310-35D230BAB24A}"
EndProject
Project("{8BC9CEB8-8B4A-11D0-8D11-00A0C91BC942}") = "Physics", "Source\Physics\Physics.vcxproj", "{7EAC4EE4-03DF-46CC-819D-AE7C9DC52239}"
EndProject
Project("{8BC9CEB8-8B4A-11D0-8D11-00A0C91BC942}") = "Model", "Source\Model\Model.vcxproj", "{A9465262-7336-4F6B-BE75-1926F34C1484}"
EndProject
Project("{8BC9CEB8-8B4A-11D0-8D11-00A0C91BC942}") = "Particle", "Source\Particle\Particle.vcxproj", "{663FDC83-C4D6-4BFE-A07A-324A2C44A164}"
EndProject
Project("{8BC9CEB8-8B4A-11D0-8D11-00A0C91BC942}") = "Studio", "Source\Studio\Studio.vcxproj", "{78581830-8769-49A5-97DB-9E661DDE6A68}"
EndProject
Project("{2150E333-8FDC-42A3-9474-1A3956D46DE8}") = "8. Tool", "8. Tool", "{580F7A8B-FDEB-492B-A292-207877BD59EE}"
EndProject
Project("{8BC9CEB8-8B4A-11D0-8D11-00A0C91BC942}") = "FBXConvertor", "Source\FBXConvertor\FBXConvertor.vcxproj", "{8E9E37CD-7FC9-41B2-9B7E-8B01BD5998A8}"
EndProject
Project("{2150E333-8FDC-42A3-9474-1A3956D46DE8}") = "9_0. Contents", "9_0. Contents", "{4FC329DA-D51A-482D-B510-6D73542AEC04}"
EndProject
Project("{8BC9CEB8-8B4A-11D0-8D11-00A0C91BC942}") = "Contents", "Source\Contents\Contents.vcxproj", "{B0ABB007-8EBA-4721-B3F2-17529BB5B55D}"
EndProject
Project("{2150E333-8FDC-42A3-9474-1A3956D46DE8}") = "9_91. FirstWorld", "9_91. FirstWorld", "{B18A5D9F-EF42-44E8-B018-5133319845C0}"
EndProject
Project("{8BC9CEB8-8B4A-11D0-8D11-00A0C91BC942}") = "FirstWorld", "Source\FirstWorld\FirstWorld.vcxproj", "{76396B53-92CA-4ECF-BB33-941BE8197DBD}"
EndProject
Project("{2150E333-8FDC-42A3-9474-1A3956D46DE8}") = "old DirectX11", "old DirectX11", "{BFFA725E-C5A5-4A2D-9648-33060E0A1829}"
EndProject
Project("{8BC9CEB8-8B4A-11D0-8D11-00A0C91BC942}") = "DirectX12", "Source\DirectX12\DirectX12.vcxproj", "{8955B2BF-D9C3-4CAE-A29E-775714277915}"
EndProject
Project("{8BC9CEB8-8B4A-11D0-8D11-00A0C91BC942}") = "Studio_DX12", "Source\Studio_DX12\Studio_DX12.vcxproj", "{532E9959-70ED-4B2A-9E17-21CBBF7B92CF}"
EndProject
Project("{2150E333-8FDC-42A3-9474-1A3956D46DE8}") = "0. GraphicsInterface", "0. GraphicsInterface", "{1DAD857A-DA8C-4948-A844-EFE65B6E51D5}"
EndProject
Project("{2150E333-8FDC-42A3-9474-1A3956D46DE8}") = "1. APIs", "1. APIs", "{2F223D21-04CF-430C-A6D0-AE4A14984193}"
EndProject
Project("{8BC9CEB8-8B4A-11D0-8D11-00A0C91BC942}") = "GraphicsInterface", "Source\GraphicsInterface\GraphicsInterface.vcxproj", "{5F0A4A7D-B4DA-4149-9778-8D490CCC674C}"
EndProject
Project("{2150E333-8FDC-42A3-9474-1A3956D46DE8}") = "2. Graphics", "2. Graphics", "{3BFB8CF1-084E-41A2-844C-9BBE9BAEB2AA}"
EndProject
Project("{8BC9CEB8-8B4A-11D0-8D11-00A0C91BC942}") = "DirectX11", "Source\DirectX11\DirectX11.vcxproj", "{3FB0CD3B-BFC3-47ED-8B45-EA6A17E21B20}"
EndProject
Project("{8BC9CEB8-8B4A-11D0-8D11-00A0C91BC942}") = "Vulkan", "Source\Vulkan\Vulkan.vcxproj", "{25B42568-6A90-4E16-BB1E-8A74F141C0C3}"
EndProject
Global
	GlobalSection(SolutionConfigurationPlatforms) = preSolution
		Debug|Mixed Platforms = Debug|Mixed Platforms
		Debug|Win32 = Debug|Win32
		Debug|x64 = Debug|x64
		Release|Mixed Platforms = Release|Mixed Platforms
		Release|Win32 = Release|Win32
		Release|x64 = Release|x64
	EndGlobalSection
	GlobalSection(ProjectConfigurationPlatforms) = postSolution
		{4871EE05-3F6B-4558-B2B5-CAA7E79BA5E0}.Debug|Mixed Platforms.ActiveCfg = Debug|Win32
		{4871EE05-3F6B-4558-B2B5-CAA7E79BA5E0}.Debug|Mixed Platforms.Build.0 = Debug|Win32
		{4871EE05-3F6B-4558-B2B5-CAA7E79BA5E0}.Debug|Win32.ActiveCfg = Debug|Win32
		{4871EE05-3F6B-4558-B2B5-CAA7E79BA5E0}.Debug|Win32.Build.0 = Debug|Win32
		{4871EE05-3F6B-4558-B2B5-CAA7E79BA5E0}.Debug|x64.ActiveCfg = Debug|x64
		{4871EE05-3F6B-4558-B2B5-CAA7E79BA5E0}.Debug|x64.Build.0 = Debug|x64
		{4871EE05-3F6B-4558-B2B5-CAA7E79BA5E0}.Release|Mixed Platforms.ActiveCfg = Release|Win32
		{4871EE05-3F6B-4558-B2B5-CAA7E79BA5E0}.Release|Mixed Platforms.Build.0 = Release|Win32
		{4871EE05-3F6B-4558-B2B5-CAA7E79BA5E0}.Release|Win32.ActiveCfg = Release|Win32
		{4871EE05-3F6B-4558-B2B5-CAA7E79BA5E0}.Release|Win32.Build.0 = Release|Win32
		{4871EE05-3F6B-4558-B2B5-CAA7E79BA5E0}.Release|x64.ActiveCfg = Release|x64
		{4871EE05-3F6B-4558-B2B5-CAA7E79BA5E0}.Release|x64.Build.0 = Release|x64
		{33BC314F-4C01-438A-9EB2-F5E5FCA06BA1}.Debug|Mixed Platforms.ActiveCfg = Debug|Win32
		{33BC314F-4C01-438A-9EB2-F5E5FCA06BA1}.Debug|Mixed Platforms.Build.0 = Debug|Win32
		{33BC314F-4C01-438A-9EB2-F5E5FCA06BA1}.Debug|Win32.ActiveCfg = Debug|Win32
		{33BC314F-4C01-438A-9EB2-F5E5FCA06BA1}.Debug|Win32.Build.0 = Debug|Win32
		{33BC314F-4C01-438A-9EB2-F5E5FCA06BA1}.Debug|x64.ActiveCfg = Debug|x64
		{33BC314F-4C01-438A-9EB2-F5E5FCA06BA1}.Debug|x64.Build.0 = Debug|x64
		{33BC314F-4C01-438A-9EB2-F5E5FCA06BA1}.Release|Mixed Platforms.ActiveCfg = Release|Win32
		{33BC314F-4C01-438A-9EB2-F5E5FCA06BA1}.Release|Mixed Platforms.Build.0 = Release|Win32
		{33BC314F-4C01-438A-9EB2-F5E5FCA06BA1}.Release|Win32.ActiveCfg = Release|Win32
		{33BC314F-4C01-438A-9EB2-F5E5FCA06BA1}.Release|Win32.Build.0 = Release|Win32
		{33BC314F-4C01-438A-9EB2-F5E5FCA06BA1}.Release|x64.ActiveCfg = Release|x64
		{33BC314F-4C01-438A-9EB2-F5E5FCA06BA1}.Release|x64.Build.0 = Release|x64
		{388C8BCE-27CC-4468-B2C3-514EAA2BA568}.Debug|Mixed Platforms.ActiveCfg = Debug|Win32
		{388C8BCE-27CC-4468-B2C3-514EAA2BA568}.Debug|Mixed Platforms.Build.0 = Debug|Win32
		{388C8BCE-27CC-4468-B2C3-514EAA2BA568}.Debug|Win32.ActiveCfg = Debug|Win32
		{388C8BCE-27CC-4468-B2C3-514EAA2BA568}.Debug|Win32.Build.0 = Debug|Win32
		{388C8BCE-27CC-4468-B2C3-514EAA2BA568}.Debug|x64.ActiveCfg = Debug|x64
		{388C8BCE-27CC-4468-B2C3-514EAA2BA568}.Debug|x64.Build.0 = Debug|x64
		{388C8BCE-27CC-4468-B2C3-514EAA2BA568}.Release|Mixed Platforms.ActiveCfg = Release|Win32
		{388C8BCE-27CC-4468-B2C3-514EAA2BA568}.Release|Mixed Platforms.Build.0 = Release|Win32
		{388C8BCE-27CC-4468-B2C3-514EAA2BA568}.Release|Win32.ActiveCfg = Release|Win32
		{388C8BCE-27CC-4468-B2C3-514EAA2BA568}.Release|Win32.Build.0 = Release|Win32
		{388C8BCE-27CC-4468-B2C3-514EAA2BA568}.Release|x64.ActiveCfg = Release|x64
		{388C8BCE-27CC-4468-B2C3-514EAA2BA568}.Release|x64.Build.0 = Release|x64
		{1F9647D1-C3A2-4677-AFE7-289E9F0EE2B9}.Debug|Mixed Platforms.ActiveCfg = Debug|Win32
		{1F9647D1-C3A2-4677-AFE7-289E9F0EE2B9}.Debug|Mixed Platforms.Build.0 = Debug|Win32
		{1F9647D1-C3A2-4677-AFE7-289E9F0EE2B9}.Debug|Win32.ActiveCfg = Debug|Win32
		{1F9647D1-C3A2-4677-AFE7-289E9F0EE2B9}.Debug|Win32.Build.0 = Debug|Win32
		{1F9647D1-C3A2-4677-AFE7-289E9F0EE2B9}.Debug|x64.ActiveCfg = Debug|x64
		{1F9647D1-C3A2-4677-AFE7-289E9F0EE2B9}.Debug|x64.Build.0 = Debug|x64
		{1F9647D1-C3A2-4677-AFE7-289E9F0EE2B9}.Release|Mixed Platforms.ActiveCfg = Release|Win32
		{1F9647D1-C3A2-4677-AFE7-289E9F0EE2B9}.Release|Mixed Platforms.Build.0 = Release|Win32
		{1F9647D1-C3A2-4677-AFE7-289E9F0EE2B9}.Release|Win32.ActiveCfg = Release|Win32
		{1F9647D1-C3A2-4677-AFE7-289E9F0EE2B9}.Release|Win32.Build.0 = Release|Win32
		{1F9647D1-C3A2-4677-AFE7-289E9F0EE2B9}.Release|x64.ActiveCfg = Release|x64
		{1F9647D1-C3A2-4677-AFE7-289E9F0EE2B9}.Release|x64.Build.0 = Release|x64
		{32F8E8BB-2A4D-4255-BD47-ECA3E0F78E6E}.Debug|Mixed Platforms.ActiveCfg = Debug|Win32
		{32F8E8BB-2A4D-4255-BD47-ECA3E0F78E6E}.Debug|Mixed Platforms.Build.0 = Debug|Win32
		{32F8E8BB-2A4D-4255-BD47-ECA3E0F78E6E}.Debug|Win32.ActiveCfg = Debug|Win32
		{32F8E8BB-2A4D-4255-BD47-ECA3E0F78E6E}.Debug|Win32.Build.0 = Debug|Win32
		{32F8E8BB-2A4D-4255-BD47-ECA3E0F78E6E}.Debug|x64.ActiveCfg = Debug|x64
		{32F8E8BB-2A4D-4255-BD47-ECA3E0F78E6E}.Debug|x64.Build.0 = Debug|x64
		{32F8E8BB-2A4D-4255-BD47-ECA3E0F78E6E}.Release|Mixed Platforms.ActiveCfg = Release|Win32
		{32F8E8BB-2A4D-4255-BD47-ECA3E0F78E6E}.Release|Mixed Platforms.Build.0 = Release|Win32
		{32F8E8BB-2A4D-4255-BD47-ECA3E0F78E6E}.Release|Win32.ActiveCfg = Release|Win32
		{32F8E8BB-2A4D-4255-BD47-ECA3E0F78E6E}.Release|Win32.Build.0 = Release|Win32
		{32F8E8BB-2A4D-4255-BD47-ECA3E0F78E6E}.Release|x64.ActiveCfg = Release|x64
		{32F8E8BB-2A4D-4255-BD47-ECA3E0F78E6E}.Release|x64.Build.0 = Release|x64
		{B0F8094E-A9E3-46B8-A323-74B31275543C}.Debug|Mixed Platforms.ActiveCfg = Debug|Win32
		{B0F8094E-A9E3-46B8-A323-74B31275543C}.Debug|Mixed Platforms.Build.0 = Debug|Win32
		{B0F8094E-A9E3-46B8-A323-74B31275543C}.Debug|Win32.ActiveCfg = Debug|Win32
		{B0F8094E-A9E3-46B8-A323-74B31275543C}.Debug|Win32.Build.0 = Debug|Win32
		{B0F8094E-A9E3-46B8-A323-74B31275543C}.Debug|x64.ActiveCfg = Debug|x64
		{B0F8094E-A9E3-46B8-A323-74B31275543C}.Debug|x64.Build.0 = Debug|x64
		{B0F8094E-A9E3-46B8-A323-74B31275543C}.Release|Mixed Platforms.ActiveCfg = Release|Win32
		{B0F8094E-A9E3-46B8-A323-74B31275543C}.Release|Mixed Platforms.Build.0 = Release|Win32
		{B0F8094E-A9E3-46B8-A323-74B31275543C}.Release|Win32.ActiveCfg = Release|Win32
		{B0F8094E-A9E3-46B8-A323-74B31275543C}.Release|Win32.Build.0 = Release|Win32
		{B0F8094E-A9E3-46B8-A323-74B31275543C}.Release|x64.ActiveCfg = Release|x64
		{B0F8094E-A9E3-46B8-A323-74B31275543C}.Release|x64.Build.0 = Release|x64
		{AA24454A-53AA-492F-819B-D2B16289761F}.Debug|Mixed Platforms.ActiveCfg = Debug|Win32
		{AA24454A-53AA-492F-819B-D2B16289761F}.Debug|Mixed Platforms.Build.0 = Debug|Win32
		{AA24454A-53AA-492F-819B-D2B16289761F}.Debug|Win32.ActiveCfg = Debug|Win32
		{AA24454A-53AA-492F-819B-D2B16289761F}.Debug|Win32.Build.0 = Debug|Win32
		{AA24454A-53AA-492F-819B-D2B16289761F}.Debug|x64.ActiveCfg = Debug|x64
		{AA24454A-53AA-492F-819B-D2B16289761F}.Debug|x64.Build.0 = Debug|x64
		{AA24454A-53AA-492F-819B-D2B16289761F}.Release|Mixed Platforms.ActiveCfg = Release|Win32
		{AA24454A-53AA-492F-819B-D2B16289761F}.Release|Mixed Platforms.Build.0 = Release|Win32
		{AA24454A-53AA-492F-819B-D2B16289761F}.Release|Win32.ActiveCfg = Release|Win32
		{AA24454A-53AA-492F-819B-D2B16289761F}.Release|Win32.Build.0 = Release|Win32
		{AA24454A-53AA-492F-819B-D2B16289761F}.Release|x64.ActiveCfg = Release|x64
		{AA24454A-53AA-492F-819B-D2B16289761F}.Release|x64.Build.0 = Release|x64
		{965EEC9E-9CFB-40F0-959A-0F0B0339F4E8}.Debug|Mixed Platforms.ActiveCfg = Debug|Win32
		{965EEC9E-9CFB-40F0-959A-0F0B0339F4E8}.Debug|Mixed Platforms.Build.0 = Debug|Win32
		{965EEC9E-9CFB-40F0-959A-0F0B0339F4E8}.Debug|Win32.ActiveCfg = Debug|Win32
		{965EEC9E-9CFB-40F0-959A-0F0B0339F4E8}.Debug|Win32.Build.0 = Debug|Win32
		{965EEC9E-9CFB-40F0-959A-0F0B0339F4E8}.Debug|x64.ActiveCfg = Debug|x64
		{965EEC9E-9CFB-40F0-959A-0F0B0339F4E8}.Debug|x64.Build.0 = Debug|x64
		{965EEC9E-9CFB-40F0-959A-0F0B0339F4E8}.Release|Mixed Platforms.ActiveCfg = Release|Win32
		{965EEC9E-9CFB-40F0-959A-0F0B0339F4E8}.Release|Mixed Platforms.Build.0 = Release|Win32
		{965EEC9E-9CFB-40F0-959A-0F0B0339F4E8}.Release|Win32.ActiveCfg = Release|Win32
		{965EEC9E-9CFB-40F0-959A-0F0B0339F4E8}.Release|Win32.Build.0 = Release|Win32
		{965EEC9E-9CFB-40F0-959A-0F0B0339F4E8}.Release|x64.ActiveCfg = Release|x64
		{965EEC9E-9CFB-40F0-959A-0F0B0339F4E8}.Release|x64.Build.0 = Release|x64
		{708443E0-3B63-4E03-8196-CC8B75F8989C}.Debug|Mixed Platforms.ActiveCfg = Debug|Win32
		{708443E0-3B63-4E03-8196-CC8B75F8989C}.Debug|Mixed Platforms.Build.0 = Debug|Win32
		{708443E0-3B63-4E03-8196-CC8B75F8989C}.Debug|Win32.ActiveCfg = Debug|Win32
		{708443E0-3B63-4E03-8196-CC8B75F8989C}.Debug|Win32.Build.0 = Debug|Win32
		{708443E0-3B63-4E03-8196-CC8B75F8989C}.Debug|x64.ActiveCfg = Debug|x64
		{708443E0-3B63-4E03-8196-CC8B75F8989C}.Debug|x64.Build.0 = Debug|x64
		{708443E0-3B63-4E03-8196-CC8B75F8989C}.Release|Mixed Platforms.ActiveCfg = Release|Win32
		{708443E0-3B63-4E03-8196-CC8B75F8989C}.Release|Mixed Platforms.Build.0 = Release|Win32
		{708443E0-3B63-4E03-8196-CC8B75F8989C}.Release|Win32.ActiveCfg = Release|Win32
		{708443E0-3B63-4E03-8196-CC8B75F8989C}.Release|Win32.Build.0 = Release|Win32
		{708443E0-3B63-4E03-8196-CC8B75F8989C}.Release|x64.ActiveCfg = Release|x64
		{708443E0-3B63-4E03-8196-CC8B75F8989C}.Release|x64.Build.0 = Release|x64
		{BEB2BA43-9E7A-424E-8698-77E6FD75D07E}.Debug|Mixed Platforms.ActiveCfg = Debug|Win32
		{BEB2BA43-9E7A-424E-8698-77E6FD75D07E}.Debug|Mixed Platforms.Build.0 = Debug|Win32
		{BEB2BA43-9E7A-424E-8698-77E6FD75D07E}.Debug|Win32.ActiveCfg = Debug|Win32
		{BEB2BA43-9E7A-424E-8698-77E6FD75D07E}.Debug|Win32.Build.0 = Debug|Win32
		{BEB2BA43-9E7A-424E-8698-77E6FD75D07E}.Debug|x64.ActiveCfg = Debug|x64
		{BEB2BA43-9E7A-424E-8698-77E6FD75D07E}.Debug|x64.Build.0 = Debug|x64
		{BEB2BA43-9E7A-424E-8698-77E6FD75D07E}.Release|Mixed Platforms.ActiveCfg = Release|Win32
		{BEB2BA43-9E7A-424E-8698-77E6FD75D07E}.Release|Mixed Platforms.Build.0 = Release|Win32
		{BEB2BA43-9E7A-424E-8698-77E6FD75D07E}.Release|Win32.ActiveCfg = Release|Win32
		{BEB2BA43-9E7A-424E-8698-77E6FD75D07E}.Release|Win32.Build.0 = Release|Win32
		{BEB2BA43-9E7A-424E-8698-77E6FD75D07E}.Release|x64.ActiveCfg = Release|x64
		{BEB2BA43-9E7A-424E-8698-77E6FD75D07E}.Release|x64.Build.0 = Release|x64
		{7EAC4EE4-03DF-46CC-819D-AE7C9DC52239}.Debug|Mixed Platforms.ActiveCfg = Debug|Win32
		{7EAC4EE4-03DF-46CC-819D-AE7C9DC52239}.Debug|Mixed Platforms.Build.0 = Debug|Win32
		{7EAC4EE4-03DF-46CC-819D-AE7C9DC52239}.Debug|Win32.ActiveCfg = Debug|Win32
		{7EAC4EE4-03DF-46CC-819D-AE7C9DC52239}.Debug|Win32.Build.0 = Debug|Win32
		{7EAC4EE4-03DF-46CC-819D-AE7C9DC52239}.Debug|x64.ActiveCfg = Debug|x64
		{7EAC4EE4-03DF-46CC-819D-AE7C9DC52239}.Debug|x64.Build.0 = Debug|x64
		{7EAC4EE4-03DF-46CC-819D-AE7C9DC52239}.Release|Mixed Platforms.ActiveCfg = Release|Win32
		{7EAC4EE4-03DF-46CC-819D-AE7C9DC52239}.Release|Mixed Platforms.Build.0 = Release|Win32
		{7EAC4EE4-03DF-46CC-819D-AE7C9DC52239}.Release|Win32.ActiveCfg = Release|Win32
		{7EAC4EE4-03DF-46CC-819D-AE7C9DC52239}.Release|Win32.Build.0 = Release|Win32
		{7EAC4EE4-03DF-46CC-819D-AE7C9DC52239}.Release|x64.ActiveCfg = Release|x64
		{7EAC4EE4-03DF-46CC-819D-AE7C9DC52239}.Release|x64.Build.0 = Release|x64
		{A9465262-7336-4F6B-BE75-1926F34C1484}.Debug|Mixed Platforms.ActiveCfg = Debug|Win32
		{A9465262-7336-4F6B-BE75-1926F34C1484}.Debug|Mixed Platforms.Build.0 = Debug|Win32
		{A9465262-7336-4F6B-BE75-1926F34C1484}.Debug|Win32.ActiveCfg = Debug|Win32
		{A9465262-7336-4F6B-BE75-1926F34C1484}.Debug|Win32.Build.0 = Debug|Win32
		{A9465262-7336-4F6B-BE75-1926F34C1484}.Debug|x64.ActiveCfg = Debug|x64
		{A9465262-7336-4F6B-BE75-1926F34C1484}.Debug|x64.Build.0 = Debug|x64
		{A9465262-7336-4F6B-BE75-1926F34C1484}.Release|Mixed Platforms.ActiveCfg = Release|Win32
		{A9465262-7336-4F6B-BE75-1926F34C1484}.Release|Mixed Platforms.Build.0 = Release|Win32
		{A9465262-7336-4F6B-BE75-1926F34C1484}.Release|Win32.ActiveCfg = Release|Win32
		{A9465262-7336-4F6B-BE75-1926F34C1484}.Release|Win32.Build.0 = Release|Win32
		{A9465262-7336-4F6B-BE75-1926F34C1484}.Release|x64.ActiveCfg = Release|x64
		{A9465262-7336-4F6B-BE75-1926F34C1484}.Release|x64.Build.0 = Release|x64
		{663FDC83-C4D6-4BFE-A07A-324A2C44A164}.Debug|Mixed Platforms.ActiveCfg = Debug|Win32
		{663FDC83-C4D6-4BFE-A07A-324A2C44A164}.Debug|Mixed Platforms.Build.0 = Debug|Win32
		{663FDC83-C4D6-4BFE-A07A-324A2C44A164}.Debug|Win32.ActiveCfg = Debug|Win32
		{663FDC83-C4D6-4BFE-A07A-324A2C44A164}.Debug|Win32.Build.0 = Debug|Win32
		{663FDC83-C4D6-4BFE-A07A-324A2C44A164}.Debug|x64.ActiveCfg = Debug|x64
		{663FDC83-C4D6-4BFE-A07A-324A2C44A164}.Debug|x64.Build.0 = Debug|x64
		{663FDC83-C4D6-4BFE-A07A-324A2C44A164}.Release|Mixed Platforms.ActiveCfg = Release|Win32
		{663FDC83-C4D6-4BFE-A07A-324A2C44A164}.Release|Mixed Platforms.Build.0 = Release|Win32
		{663FDC83-C4D6-4BFE-A07A-324A2C44A164}.Release|Win32.ActiveCfg = Release|Win32
		{663FDC83-C4D6-4BFE-A07A-324A2C44A164}.Release|Win32.Build.0 = Release|Win32
		{663FDC83-C4D6-4BFE-A07A-324A2C44A164}.Release|x64.ActiveCfg = Release|x64
		{663FDC83-C4D6-4BFE-A07A-324A2C44A164}.Release|x64.Build.0 = Release|x64
		{78581830-8769-49A5-97DB-9E661DDE6A68}.Debug|Mixed Platforms.ActiveCfg = Debug|Win32
		{78581830-8769-49A5-97DB-9E661DDE6A68}.Debug|Mixed Platforms.Build.0 = Debug|Win32
		{78581830-8769-49A5-97DB-9E661DDE6A68}.Debug|Win32.ActiveCfg = Debug|Win32
		{78581830-8769-49A5-97DB-9E661DDE6A68}.Debug|Win32.Build.0 = Debug|Win32
		{78581830-8769-49A5-97DB-9E661DDE6A68}.Debug|x64.ActiveCfg = Debug|x64
		{78581830-8769-49A5-97DB-9E661DDE6A68}.Debug|x64.Build.0 = Debug|x64
		{78581830-8769-49A5-97DB-9E661DDE6A68}.Release|Mixed Platforms.ActiveCfg = Release|Win32
		{78581830-8769-49A5-97DB-9E661DDE6A68}.Release|Mixed Platforms.Build.0 = Release|Win32
		{78581830-8769-49A5-97DB-9E661DDE6A68}.Release|Win32.ActiveCfg = Release|Win32
		{78581830-8769-49A5-97DB-9E661DDE6A68}.Release|Win32.Build.0 = Release|Win32
		{78581830-8769-49A5-97DB-9E661DDE6A68}.Release|x64.ActiveCfg = Release|x64
		{78581830-8769-49A5-97DB-9E661DDE6A68}.Release|x64.Build.0 = Release|x64
		{8E9E37CD-7FC9-41B2-9B7E-8B01BD5998A8}.Debug|Mixed Platforms.ActiveCfg = Debug|Win32
		{8E9E37CD-7FC9-41B2-9B7E-8B01BD5998A8}.Debug|Mixed Platforms.Build.0 = Debug|Win32
		{8E9E37CD-7FC9-41B2-9B7E-8B01BD5998A8}.Debug|Win32.ActiveCfg = Debug|Win32
		{8E9E37CD-7FC9-41B2-9B7E-8B01BD5998A8}.Debug|Win32.Build.0 = Debug|Win32
		{8E9E37CD-7FC9-41B2-9B7E-8B01BD5998A8}.Debug|x64.ActiveCfg = Debug|x64
		{8E9E37CD-7FC9-41B2-9B7E-8B01BD5998A8}.Debug|x64.Build.0 = Debug|x64
		{8E9E37CD-7FC9-41B2-9B7E-8B01BD5998A8}.Release|Mixed Platforms.ActiveCfg = Release|Win32
		{8E9E37CD-7FC9-41B2-9B7E-8B01BD5998A8}.Release|Mixed Platforms.Build.0 = Release|Win32
		{8E9E37CD-7FC9-41B2-9B7E-8B01BD5998A8}.Release|Win32.ActiveCfg = Release|Win32
		{8E9E37CD-7FC9-41B2-9B7E-8B01BD5998A8}.Release|Win32.Build.0 = Release|Win32
		{8E9E37CD-7FC9-41B2-9B7E-8B01BD5998A8}.Release|x64.ActiveCfg = Release|x64
		{8E9E37CD-7FC9-41B2-9B7E-8B01BD5998A8}.Release|x64.Build.0 = Release|x64
		{B0ABB007-8EBA-4721-B3F2-17529BB5B55D}.Debug|Mixed Platforms.ActiveCfg = Debug|Win32
		{B0ABB007-8EBA-4721-B3F2-17529BB5B55D}.Debug|Mixed Platforms.Build.0 = Debug|Win32
		{B0ABB007-8EBA-4721-B3F2-17529BB5B55D}.Debug|Win32.ActiveCfg = Debug|Win32
		{B0ABB007-8EBA-4721-B3F2-17529BB5B55D}.Debug|Win32.Build.0 = Debug|Win32
		{B0ABB007-8EBA-4721-B3F2-17529BB5B55D}.Debug|x64.ActiveCfg = Debug|x64
		{B0ABB007-8EBA-4721-B3F2-17529BB5B55D}.Debug|x64.Build.0 = Debug|x64
		{B0ABB007-8EBA-4721-B3F2-17529BB5B55D}.Release|Mixed Platforms.ActiveCfg = Release|Win32
		{B0ABB007-8EBA-4721-B3F2-17529BB5B55D}.Release|Mixed Platforms.Build.0 = Release|Win32
		{B0ABB007-8EBA-4721-B3F2-17529BB5B55D}.Release|Win32.ActiveCfg = Release|Win32
		{B0ABB007-8EBA-4721-B3F2-17529BB5B55D}.Release|Win32.Build.0 = Release|Win32
		{B0ABB007-8EBA-4721-B3F2-17529BB5B55D}.Release|x64.ActiveCfg = Release|x64
		{B0ABB007-8EBA-4721-B3F2-17529BB5B55D}.Release|x64.Build.0 = Release|x64
		{76396B53-92CA-4ECF-BB33-941BE8197DBD}.Debug|Mixed Platforms.ActiveCfg = Debug|Win32
		{76396B53-92CA-4ECF-BB33-941BE8197DBD}.Debug|Mixed Platforms.Build.0 = Debug|Win32
		{76396B53-92CA-4ECF-BB33-941BE8197DBD}.Debug|Win32.ActiveCfg = Debug|Win32
		{76396B53-92CA-4ECF-BB33-941BE8197DBD}.Debug|Win32.Build.0 = Debug|Win32
		{76396B53-92CA-4ECF-BB33-941BE8197DBD}.Debug|x64.ActiveCfg = Debug|x64
		{76396B53-92CA-4ECF-BB33-941BE8197DBD}.Debug|x64.Build.0 = Debug|x64
		{76396B53-92CA-4ECF-BB33-941BE8197DBD}.Release|Mixed Platforms.ActiveCfg = Release|Win32
		{76396B53-92CA-4ECF-BB33-941BE8197DBD}.Release|Mixed Platforms.Build.0 = Release|Win32
		{76396B53-92CA-4ECF-BB33-941BE8197DBD}.Release|Win32.ActiveCfg = Release|Win32
		{76396B53-92CA-4ECF-BB33-941BE8197DBD}.Release|Win32.Build.0 = Release|Win32
		{76396B53-92CA-4ECF-BB33-941BE8197DBD}.Release|x64.ActiveCfg = Release|x64
		{76396B53-92CA-4ECF-BB33-941BE8197DBD}.Release|x64.Build.0 = Release|x64
		{8955B2BF-D9C3-4CAE-A29E-775714277915}.Debug|Mixed Platforms.ActiveCfg = Debug|Win32
		{8955B2BF-D9C3-4CAE-A29E-775714277915}.Debug|Mixed Platforms.Build.0 = Debug|Win32
		{8955B2BF-D9C3-4CAE-A29E-775714277915}.Debug|Win32.ActiveCfg = Debug|Win32
		{8955B2BF-D9C3-4CAE-A29E-775714277915}.Debug|Win32.Build.0 = Debug|Win32
		{8955B2BF-D9C3-4CAE-A29E-775714277915}.Debug|x64.ActiveCfg = Debug|x64
		{8955B2BF-D9C3-4CAE-A29E-775714277915}.Debug|x64.Build.0 = Debug|x64
		{8955B2BF-D9C3-4CAE-A29E-775714277915}.Release|Mixed Platforms.ActiveCfg = Release|Win32
		{8955B2BF-D9C3-4CAE-A29E-775714277915}.Release|Mixed Platforms.Build.0 = Release|Win32
		{8955B2BF-D9C3-4CAE-A29E-775714277915}.Release|Win32.ActiveCfg = Release|Win32
		{8955B2BF-D9C3-4CAE-A29E-775714277915}.Release|Win32.Build.0 = Release|Win32
		{8955B2BF-D9C3-4CAE-A29E-775714277915}.Release|x64.ActiveCfg = Release|x64
		{8955B2BF-D9C3-4CAE-A29E-775714277915}.Release|x64.Build.0 = Release|x64
		{532E9959-70ED-4B2A-9E17-21CBBF7B92CF}.Debug|Mixed Platforms.ActiveCfg = Debug|Win32
		{532E9959-70ED-4B2A-9E17-21CBBF7B92CF}.Debug|Mixed Platforms.Build.0 = Debug|Win32
		{532E9959-70ED-4B2A-9E17-21CBBF7B92CF}.Debug|Win32.ActiveCfg = Debug|Win32
		{532E9959-70ED-4B2A-9E17-21CBBF7B92CF}.Debug|Win32.Build.0 = Debug|Win32
		{532E9959-70ED-4B2A-9E17-21CBBF7B92CF}.Debug|x64.ActiveCfg = Debug|x64
		{532E9959-70ED-4B2A-9E17-21CBBF7B92CF}.Debug|x64.Build.0 = Debug|x64
		{532E9959-70ED-4B2A-9E17-21CBBF7B92CF}.Release|Mixed Platforms.ActiveCfg = Release|Win32
		{532E9959-70ED-4B2A-9E17-21CBBF7B92CF}.Release|Mixed Platforms.Build.0 = Release|Win32
		{532E9959-70ED-4B2A-9E17-21CBBF7B92CF}.Release|Win32.ActiveCfg = Release|Win32
		{532E9959-70ED-4B2A-9E17-21CBBF7B92CF}.Release|Win32.Build.0 = Release|Win32
		{532E9959-70ED-4B2A-9E17-21CBBF7B92CF}.Release|x64.ActiveCfg = Release|x64
		{532E9959-70ED-4B2A-9E17-21CBBF7B92CF}.Release|x64.Build.0 = Release|x64
		{5F0A4A7D-B4DA-4149-9778-8D490CCC674C}.Debug|Mixed Platforms.ActiveCfg = Debug|Win32
		{5F0A4A7D-B4DA-4149-9778-8D490CCC674C}.Debug|Mixed Platforms.Build.0 = Debug|Win32
		{5F0A4A7D-B4DA-4149-9778-8D490CCC674C}.Debug|Win32.ActiveCfg = Debug|Win32
		{5F0A4A7D-B4DA-4149-9778-8D490CCC674C}.Debug|Win32.Build.0 = Debug|Win32
		{5F0A4A7D-B4DA-4149-9778-8D490CCC674C}.Debug|x64.ActiveCfg = Debug|x64
		{5F0A4A7D-B4DA-4149-9778-8D490CCC674C}.Debug|x64.Build.0 = Debug|x64
		{5F0A4A7D-B4DA-4149-9778-8D490CCC674C}.Release|Mixed Platforms.ActiveCfg = Release|Win32
		{5F0A4A7D-B4DA-4149-9778-8D490CCC674C}.Release|Mixed Platforms.Build.0 = Release|Win32
		{5F0A4A7D-B4DA-4149-9778-8D490CCC674C}.Release|Win32.ActiveCfg = Release|Win32
		{5F0A4A7D-B4DA-4149-9778-8D490CCC674C}.Release|Win32.Build.0 = Release|Win32
		{5F0A4A7D-B4DA-4149-9778-8D490CCC674C}.Release|x64.ActiveCfg = Release|x64
		{5F0A4A7D-B4DA-4149-9778-8D490CCC674C}.Release|x64.Build.0 = Release|x64
		{3FB0CD3B-BFC3-47ED-8B45-EA6A17E21B20}.Debug|Mixed Platforms.ActiveCfg = Debug|Win32
		{3FB0CD3B-BFC3-47ED-8B45-EA6A17E21B20}.Debug|Mixed Platforms.Build.0 = Debug|Win32
		{3FB0CD3B-BFC3-47ED-8B45-EA6A17E21B20}.Debug|Win32.ActiveCfg = Debug|Win32
		{3FB0CD3B-BFC3-47ED-8B45-EA6A17E21B20}.Debug|Win32.Build.0 = Debug|Win32
		{3FB0CD3B-BFC3-47ED-8B45-EA6A17E21B20}.Debug|x64.ActiveCfg = Debug|x64
		{3FB0CD3B-BFC3-47ED-8B45-EA6A17E21B20}.Debug|x64.Build.0 = Debug|x64
		{3FB0CD3B-BFC3-47ED-8B45-EA6A17E21B20}.Release|Mixed Platforms.ActiveCfg = Release|Win32
		{3FB0CD3B-BFC3-47ED-8B45-EA6A17E21B20}.Release|Mixed Platforms.Build.0 = Release|Win32
		{3FB0CD3B-BFC3-47ED-8B45-EA6A17E21B20}.Release|Win32.ActiveCfg = Release|Win32
		{3FB0CD3B-BFC3-47ED-8B45-EA6A17E21B20}.Release|Win32.Build.0 = Release|Win32
		{3FB0CD3B-BFC3-47ED-8B45-EA6A17E21B20}.Release|x64.ActiveCfg = Release|x64
		{3FB0CD3B-BFC3-47ED-8B45-EA6A17E21B20}.Release|x64.Build.0 = Release|x64
		{25B42568-6A90-4E16-BB1E-8A74F141C0C3}.Debug|Mixed Platforms.ActiveCfg = Debug|Win32
		{25B42568-6A90-4E16-BB1E-8A74F141C0C3}.Debug|Mixed Platforms.Build.0 = Debug|Win32
		{25B42568-6A90-4E16-BB1E-8A74F141C0C3}.Debug|Win32.ActiveCfg = Debug|Win32
		{25B42568-6A90-4E16-BB1E-8A74F141C0C3}.Debug|Win32.Build.0 = Debug|Win32
		{25B42568-6A90-4E16-BB1E-8A74F141C0C3}.Debug|x64.ActiveCfg = Debug|x64
		{25B42568-6A90-4E16-BB1E-8A74F141C0C3}.Debug|x64.Build.0 = Debug|x64
		{25B42568-6A90-4E16-BB1E-8A74F141C0C3}.Release|Mixed Platforms.ActiveCfg = Release|Win32
		{25B42568-6A90-4E16-BB1E-8A74F141C0C3}.Release|Mixed Platforms.Build.0 = Release|Win32
		{25B42568-6A90-4E16-BB1E-8A74F141C0C3}.Release|Win32.ActiveCfg = Release|Win32
		{25B42568-6A90-4E16-BB1E-8A74F141C0C3}.Release|Win32.Build.0 = Release|Win32
		{25B42568-6A90-4E16-BB1E-8A74F141C0C3}.Release|x64.ActiveCfg = Release|x64
		{25B42568-6A90-4E16-BB1E-8A74F141C0C3}.Release|x64.Build.0 = Release|x64
	EndGlobalSection
	GlobalSection(SolutionProperties) = preSolution
		HideSolutionNode = FALSE
	EndGlobalSection
	GlobalSection(NestedProjects) = preSolution
		{4871EE05-3F6B-4558-B2B5-CAA7E79BA5E0} = {8CF7BC8A-3DF1-4F91-859A-EF40D322D41C}
		{33BC314F-4C01-438A-9EB2-F5E5FCA06BA1} = {BFFA725E-C5A5-4A2D-9648-33060E0A1829}
		{388C8BCE-27CC-4468-B2C3-514EAA2BA568} = {3BFB8CF1-084E-41A2-844C-9BBE9BAEB2AA}
		{1F9647D1-C3A2-4677-AFE7-289E9F0EE2B9} = {BFFA725E-C5A5-4A2D-9648-33060E0A1829}
		{32F8E8BB-2A4D-4255-BD47-ECA3E0F78E6E} = {37485341-2D78-445A-8BFA-0506C6E3AAD0}
		{B0F8094E-A9E3-46B8-A323-74B31275543C} = {CBC14149-B3A3-4260-9BE5-043ADCC0267A}
		{AA24454A-53AA-492F-819B-D2B16289761F} = {8CF7BC8A-3DF1-4F91-859A-EF40D322D41C}
		{965EEC9E-9CFB-40F0-959A-0F0B0339F4E8} = {615AE57E-86EA-4F89-9875-A66C8560D427}
		{708443E0-3B63-4E03-8196-CC8B75F8989C} = {8CF7BC8A-3DF1-4F91-859A-EF40D322D41C}
		{C8CB8A66-982A-4084-B148-F87318F20A91} = {6CCBF0D8-F460-4FAD-9310-35D230BAB24A}
		{BEB2BA43-9E7A-424E-8698-77E6FD75D07E} = {8CF7BC8A-3DF1-4F91-859A-EF40D322D41C}
		{7EAC4EE4-03DF-46CC-819D-AE7C9DC52239} = {8CF7BC8A-3DF1-4F91-859A-EF40D322D41C}
		{A9465262-7336-4F6B-BE75-1926F34C1484} = {11BD9C14-3E95-4566-A54E-7EB31BA5E0D7}
		{663FDC83-C4D6-4BFE-A07A-324A2C44A164} = {11BD9C14-3E95-4566-A54E-7EB31BA5E0D7}
		{78581830-8769-49A5-97DB-9E661DDE6A68} = {C8CB8A66-982A-4084-B148-F87318F20A91}
		{8E9E37CD-7FC9-41B2-9B7E-8B01BD5998A8} = {580F7A8B-FDEB-492B-A292-207877BD59EE}
		{4FC329DA-D51A-482D-B510-6D73542AEC04} = {6CCBF0D8-F460-4FAD-9310-35D230BAB24A}
		{B0ABB007-8EBA-4721-B3F2-17529BB5B55D} = {4FC329DA-D51A-482D-B510-6D73542AEC04}
		{B18A5D9F-EF42-44E8-B018-5133319845C0} = {6CCBF0D8-F460-4FAD-9310-35D230BAB24A}
		{76396B53-92CA-4ECF-BB33-941BE8197DBD} = {B18A5D9F-EF42-44E8-B018-5133319845C0}
		{BFFA725E-C5A5-4A2D-9648-33060E0A1829} = {2F223D21-04CF-430C-A6D0-AE4A14984193}
		{8955B2BF-D9C3-4CAE-A29E-775714277915} = {2F223D21-04CF-430C-A6D0-AE4A14984193}
		{532E9959-70ED-4B2A-9E17-21CBBF7B92CF} = {C8CB8A66-982A-4084-B148-F87318F20A91}
		{1DAD857A-DA8C-4948-A844-EFE65B6E51D5} = {11BD9C14-3E95-4566-A54E-7EB31BA5E0D7}
		{2F223D21-04CF-430C-A6D0-AE4A14984193} = {11BD9C14-3E95-4566-A54E-7EB31BA5E0D7}
		{5F0A4A7D-B4DA-4149-9778-8D490CCC674C} = {1DAD857A-DA8C-4948-A844-EFE65B6E51D5}
		{3BFB8CF1-084E-41A2-844C-9BBE9BAEB2AA} = {11BD9C14-3E95-4566-A54E-7EB31BA5E0D7}
		{3FB0CD3B-BFC3-47ED-8B45-EA6A17E21B20} = {2F223D21-04CF-430C-A6D0-AE4A14984193}
		{25B42568-6A90-4E16-BB1E-8A74F141C0C3} = {2F223D21-04CF-430C-A6D0-AE4A14984193}
	EndGlobalSection
	GlobalSection(ExtensibilityGlobals) = postSolution
		SolutionGuid = {123BA54A-6854-4312-9B89-9A0B069537F1}
	EndGlobalSection
EndGlobal
