<?xml version="1.0" encoding="utf-8"?>
<Project ToolsVersion="4.0" xmlns="http://schemas.microsoft.com/developer/msbuild/2003">
  <ItemGroup>
    <Filter Include="소스 파일">
      <UniqueIdentifier>{4FC737F1-C7A5-4376-A066-2A32D752A2FF}</UniqueIdentifier>
      <Extensions>cpp;c;cc;cxx;def;odl;idl;hpj;bat;asm;asmx</Extensions>
    </Filter>
    <Filter Include="헤더 파일">
      <UniqueIdentifier>{93995380-89BD-4b04-88EB-625FBE52EBFB}</UniqueIdentifier>
      <Extensions>h;hh;hpp;hxx;hm;inl;inc;xsd</Extensions>
    </Filter>
    <Filter Include="리소스 파일">
      <UniqueIdentifier>{67DA6AB6-F800-4c08-8B7A-83BB121AAD01}</UniqueIdentifier>
      <Extensions>rc;ico;cur;bmp;dlg;rc2;rct;bin;rgs;gif;jpg;jpeg;jpe;resx;tiff;tif;png;wav;mfcribbon-ms</Extensions>
    </Filter>
    <Filter Include="Camera">
      <UniqueIdentifier>{ae401393-1057-4c38-9cae-9123f90b552d}</UniqueIdentifier>
    </Filter>
    <Filter Include="DirectX">
      <UniqueIdentifier>{e9e02f5f-4825-4cd5-8f28-2cf680fa22f2}</UniqueIdentifier>
    </Filter>
    <Filter Include="DirectX\D3D">
      <UniqueIdentifier>{f62dddf0-fcf1-4990-83c4-0e1ed4e46e00}</UniqueIdentifier>
    </Filter>
    <Filter Include="DirectX\InputAssembler">
      <UniqueIdentifier>{799f6f60-3bb4-485f-8f42-f852e92198c9}</UniqueIdentifier>
    </Filter>
    <Filter Include="DirectX\InputAssembler\VertexBuffer">
      <UniqueIdentifier>{15aea576-030a-446d-8bdb-6acf236607a7}</UniqueIdentifier>
    </Filter>
    <Filter Include="DirectX\InputAssembler\IndexBuffer">
      <UniqueIdentifier>{e21766b7-c8c3-487a-9c0b-ab875c39b518}</UniqueIdentifier>
    </Filter>
    <Filter Include="DirectX\Shader">
      <UniqueIdentifier>{9e5a0449-9b5c-492b-8a06-4f4533c05eb1}</UniqueIdentifier>
    </Filter>
    <Filter Include="DirectX\Shader\Fx">
      <UniqueIdentifier>{4fe63436-7e73-47a0-bc56-457f1193f430}</UniqueIdentifier>
    </Filter>
    <Filter Include="DirectX\Shader\Fx\Model">
      <UniqueIdentifier>{50115016-9e1b-4080-a2f8-df4d369efff1}</UniqueIdentifier>
    </Filter>
    <Filter Include="DirectX\Shader\Fx\Model\Deferred">
      <UniqueIdentifier>{4c9520e1-d887-4e8a-899a-af79f1f33a11}</UniqueIdentifier>
    </Filter>
    <Filter Include="DirectX\Shader\Fx\UI">
      <UniqueIdentifier>{7a77d272-ce3a-4f42-aef2-1290cc7da810}</UniqueIdentifier>
    </Filter>
    <Filter Include="DirectX\Shader\Fx\PostProcess">
      <UniqueIdentifier>{76889545-33c2-4560-8a4f-028838696402}</UniqueIdentifier>
    </Filter>
    <Filter Include="DirectX\Shader\Fx\PostProcess\FXAA">
      <UniqueIdentifier>{0d3a5e76-5c87-4df9-9d08-4f97f8410c62}</UniqueIdentifier>
    </Filter>
    <Filter Include="DirectX\Shader\Fx\PostProcess\MotionBlur">
      <UniqueIdentifier>{48a4c8a3-be53-4f45-9699-c824f48a2c97}</UniqueIdentifier>
    </Filter>
    <Filter Include="DirectX\Shader\Fx\PostProcess\ColorGrading">
      <UniqueIdentifier>{be9f3968-ba86-4fd2-bea0-e562aaee786d}</UniqueIdentifier>
    </Filter>
    <Filter Include="DirectX\Shader\Fx\Sky">
      <UniqueIdentifier>{7afc4f92-c840-4dbb-8113-a6e8094c255e}</UniqueIdentifier>
    </Filter>
    <Filter Include="DirectX\Shader\Fx\Vertex">
      <UniqueIdentifier>{d6282074-0f02-4aa4-a681-912f9516d2a2}</UniqueIdentifier>
    </Filter>
    <Filter Include="DirectX\Shader\Fx\OcclusionCulling">
      <UniqueIdentifier>{3911c3fb-bd3d-4663-a630-7e47bdafc8ee}</UniqueIdentifier>
    </Filter>
    <Filter Include="DirectX\Shader\Fx\Water">
      <UniqueIdentifier>{64b0427e-22bd-45be-bdcc-8017f10e71f0}</UniqueIdentifier>
    </Filter>
    <Filter Include="DirectX\Texture">
      <UniqueIdentifier>{a5db91cd-1043-4999-a1de-c7c47456ffa9}</UniqueIdentifier>
    </Filter>
    <Filter Include="DirectX\Rendering">
      <UniqueIdentifier>{da2b7ad8-e2e5-4b9e-8d0d-ea55e65eaf34}</UniqueIdentifier>
    </Filter>
    <Filter Include="DirectX\RenderTarget">
      <UniqueIdentifier>{bb27a163-3f07-4c10-953c-145f5d815b51}</UniqueIdentifier>
    </Filter>
    <Filter Include="DirectX\DepthStencil">
      <UniqueIdentifier>{4a9016cc-1899-40ef-9d95-8328d1f396ac}</UniqueIdentifier>
    </Filter>
    <Filter Include="DirectX\Debug">
      <UniqueIdentifier>{6d215bbb-a456-4ef4-aa31-462ebdcd0896}</UniqueIdentifier>
    </Filter>
    <Filter Include="DirectX\Sprite">
      <UniqueIdentifier>{fa190f4e-ec36-46b1-8484-982df34e1d47}</UniqueIdentifier>
    </Filter>
    <Filter Include="DirectX\Sprite\Batch">
      <UniqueIdentifier>{97910a12-10b9-43d5-ac5a-7536facc52eb}</UniqueIdentifier>
    </Filter>
    <Filter Include="DirectX\Sprite\Font">
      <UniqueIdentifier>{6c9cc9ae-5204-4e08-8a2a-571ebbffe1cf}</UniqueIdentifier>
    </Filter>
    <Filter Include="DirectX\OutputMergeState">
      <UniqueIdentifier>{3a12deee-75a2-41b5-b2a2-326e7576e6d0}</UniqueIdentifier>
    </Filter>
    <Filter Include="DirectX\OutputMergeState\SamplerState">
      <UniqueIdentifier>{25e7a420-ac55-4682-a1c4-3c89a7ca3d57}</UniqueIdentifier>
    </Filter>
    <Filter Include="DirectX\OutputMergeState\BlendState">
      <UniqueIdentifier>{b24ca586-1858-49da-995c-dbd1bf5b4ffd}</UniqueIdentifier>
    </Filter>
    <Filter Include="DirectX\OutputMergeState\DepthStencilState">
      <UniqueIdentifier>{b75f2058-f326-4742-a837-4e3cc3597097}</UniqueIdentifier>
    </Filter>
    <Filter Include="DirectX\OutputMergeState\RasterizerState">
      <UniqueIdentifier>{9ca425d3-9fc9-4b87-a56a-9adb9abf3c24}</UniqueIdentifier>
    </Filter>
    <Filter Include="PostProcessing">
      <UniqueIdentifier>{e3f4062b-baec-45de-b435-66e053df562e}</UniqueIdentifier>
    </Filter>
    <Filter Include="PreProcessing">
      <UniqueIdentifier>{dc53b1a2-adbd-4b98-ba16-2f0f672cd3e0}</UniqueIdentifier>
    </Filter>
    <Filter Include="PreProcessing\MaskedOcclusionCulling">
      <UniqueIdentifier>{613a2141-b956-452f-9719-625d732b7cfa}</UniqueIdentifier>
    </Filter>
    <Filter Include="PreProcessing\MaskedOcclusionCulling\Library">
      <UniqueIdentifier>{d298e32a-9d09-47f5-a913-2cebc5fcc5fc}</UniqueIdentifier>
    </Filter>
    <Filter Include="DirectX\Shader\Fx\PostProcess\ASSAO">
      <UniqueIdentifier>{36882a68-d74e-488c-afaa-accfefc43897}</UniqueIdentifier>
    </Filter>
    <Filter Include="DirectX\Shader\Fx\PostProcess\SSAO">
      <UniqueIdentifier>{d554bbca-520b-4c54-890c-6935f2291796}</UniqueIdentifier>
    </Filter>
    <Filter Include="VTF">
      <UniqueIdentifier>{ae49573f-0b35-475b-8495-6763a0df38ce}</UniqueIdentifier>
    </Filter>
    <Filter Include="Shadow">
      <UniqueIdentifier>{92a7820b-8f3e-43ee-b9a4-292528ec1266}</UniqueIdentifier>
    </Filter>
    <Filter Include="Shadow\CSM">
      <UniqueIdentifier>{243925b9-846a-4461-bfa1-fe10931ab2f5}</UniqueIdentifier>
    </Filter>
    <Filter Include="DirectX\Shader\Fx\Particle">
      <UniqueIdentifier>{bcf5020d-ff7c-429a-b732-546aa5aeb338}</UniqueIdentifier>
    </Filter>
    <Filter Include="DirectX\Shader\Fx\PostProcess\GaussianBlur">
      <UniqueIdentifier>{b0ca582b-3bcb-4e57-91fd-e0ab067c0be1}</UniqueIdentifier>
    </Filter>
    <Filter Include="DirectX\Shader\Fx\PostProcess\Downscale">
      <UniqueIdentifier>{2866a8d5-9187-4c7f-8d76-2d5db0f82033}</UniqueIdentifier>
    </Filter>
    <Filter Include="DirectX\Shader\Fx\PostProcess\HDRFilter">
      <UniqueIdentifier>{d9bc0fa6-81d6-48cf-a11e-4549120fe612}</UniqueIdentifier>
    </Filter>
    <Filter Include="DirectX\Shader\Fx\Terrain">
      <UniqueIdentifier>{86084968-588b-4517-a17a-defc129e12a6}</UniqueIdentifier>
    </Filter>
    <Filter Include="DirectX\Shader\Fx\Model\Deferred\Light">
      <UniqueIdentifier>{1ee84761-b71a-49fd-ac3d-0ce0452759cd}</UniqueIdentifier>
    </Filter>
    <Filter Include="DirectX\Shader\Fx\Model\Deferred\BRDF">
      <UniqueIdentifier>{16726b87-afe1-4c3e-811d-170ef7e5acc6}</UniqueIdentifier>
    </Filter>
    <Filter Include="DirectX\Shader\Effect">
      <UniqueIdentifier>{e6a34c6a-2cc6-4be2-a61c-c97680b1a0e1}</UniqueIdentifier>
    </Filter>
    <Filter Include="DirectX\Shader\Effect\Interface">
      <UniqueIdentifier>{da2c1fb1-101f-4d4d-b617-cd2084d7042f}</UniqueIdentifier>
    </Filter>
    <Filter Include="DirectX\InputAssembler\StructuredBuffer">
      <UniqueIdentifier>{0ca92ad8-48fb-47aa-acbd-6b6c627544ac}</UniqueIdentifier>
    </Filter>
    <Filter Include="Light">
      <UniqueIdentifier>{dd613227-829d-4b72-981d-f16d808ad5cc}</UniqueIdentifier>
    </Filter>
    <Filter Include="Light\Directional">
      <UniqueIdentifier>{98697f5b-3e12-42fe-90ad-2a4ddfb6176d}</UniqueIdentifier>
    </Filter>
    <Filter Include="Light\Point">
      <UniqueIdentifier>{86f4597d-5533-482f-abed-ce04e00802f6}</UniqueIdentifier>
    </Filter>
    <Filter Include="Light\Spot">
      <UniqueIdentifier>{b7164187-4a64-4620-a007-44cb7d81e441}</UniqueIdentifier>
    </Filter>
    <Filter Include="Material">
      <UniqueIdentifier>{c8215de3-4e54-4da0-98e2-eab1742b8a4e}</UniqueIdentifier>
    </Filter>
    <Filter Include="Material\Node">
      <UniqueIdentifier>{ec4c963a-590f-4c06-a856-312e5dd18437}</UniqueIdentifier>
    </Filter>
    <Filter Include="DirectX\D3D\Device">
      <UniqueIdentifier>{da6fb76a-5cbc-47b3-a0e2-a5f344fae34d}</UniqueIdentifier>
    </Filter>
    <Filter Include="DirectX\D3D\Device\DeviceLost">
      <UniqueIdentifier>{61bd5b3c-f6e9-433e-b29b-69933fd66ef5}</UniqueIdentifier>
    </Filter>
    <Filter Include="DirectX\D3D\Device\DeviceContext">
      <UniqueIdentifier>{672d7eed-6d39-4c03-83e7-4fe9f341d089}</UniqueIdentifier>
    </Filter>
    <Filter Include="DirectX\D3D\Interface">
      <UniqueIdentifier>{3c27da5f-c819-498a-80ba-006e9bdc3294}</UniqueIdentifier>
    </Filter>
    <Filter Include="DirectX\Rendering\ImageBasedLight">
      <UniqueIdentifier>{49b1777d-39ca-4eb7-956b-5208eecb7d2e}</UniqueIdentifier>
    </Filter>
    <Filter Include="DirectX\Shader\Fx\PostProcess\DepthOfField">
      <UniqueIdentifier>{2dba8758-48be-4fc3-b9d9-aacbab8620bd}</UniqueIdentifier>
    </Filter>
    <Filter Include="DirectX\Shader\Fx\Model\Deferred\Shadow">
      <UniqueIdentifier>{4c63acca-1f05-4dd5-bc77-3c31ef5d3109}</UniqueIdentifier>
    </Filter>
  </ItemGroup>
  <ItemGroup>
    <Text Include="ReadMe.txt" />
  </ItemGroup>
  <ItemGroup>
    <ClInclude Include="stdafx.h">
      <Filter>헤더 파일</Filter>
    </ClInclude>
    <ClInclude Include="targetver.h">
      <Filter>헤더 파일</Filter>
    </ClInclude>
    <ClInclude Include="ShaderMgr.h">
      <Filter>DirectX\Shader</Filter>
    </ClInclude>
    <ClInclude Include="VertexBuffer.h">
      <Filter>DirectX\InputAssembler\VertexBuffer</Filter>
    </ClInclude>
    <ClInclude Include="IndexBuffer.h">
      <Filter>DirectX\InputAssembler\IndexBuffer</Filter>
    </ClInclude>
    <ClInclude Include="Vertex.h">
      <Filter>DirectX\InputAssembler\VertexBuffer</Filter>
    </ClInclude>
    <ClInclude Include="Texture.h">
      <Filter>DirectX\Texture</Filter>
    </ClInclude>
    <ClInclude Include="Material.h">
      <Filter>Material</Filter>
    </ClInclude>
    <ClInclude Include="LightMgr.h">
      <Filter>Light</Filter>
    </ClInclude>
    <ClInclude Include="Camera.h">
      <Filter>Camera</Filter>
    </ClInclude>
    <ClInclude Include="DirectionalLight.h">
      <Filter>Light\Directional</Filter>
    </ClInclude>
    <ClInclude Include="PointLight.h">
      <Filter>Light\Point</Filter>
    </ClInclude>
    <ClInclude Include="RenderTarget.h">
      <Filter>DirectX\RenderTarget</Filter>
    </ClInclude>
    <ClInclude Include="DepthStencil.h">
      <Filter>DirectX\DepthStencil</Filter>
    </ClInclude>
    <ClInclude Include="DebugUtil.h">
      <Filter>DirectX\Debug</Filter>
    </ClInclude>
    <ClInclude Include="SamplerState.h">
      <Filter>DirectX\OutputMergeState\SamplerState</Filter>
    </ClInclude>
    <ClInclude Include="CullingThreadpool.h">
      <Filter>PreProcessing\MaskedOcclusionCulling\Library</Filter>
    </ClInclude>
    <ClInclude Include="MaskedOcclusionCulling.h">
      <Filter>PreProcessing\MaskedOcclusionCulling\Library</Filter>
    </ClInclude>
    <ClInclude Include="OcclusionCulling.h">
      <Filter>PreProcessing\MaskedOcclusionCulling</Filter>
    </ClInclude>
    <ClInclude Include="ISpriteBatch.h">
      <Filter>DirectX\Sprite\Batch</Filter>
    </ClInclude>
    <ClInclude Include="ISpriteFont.h">
      <Filter>DirectX\Sprite\Font</Filter>
    </ClInclude>
    <ClInclude Include="_SpriteFont.h">
      <Filter>DirectX\Sprite\Font</Filter>
    </ClInclude>
    <ClInclude Include="_SpriteBatch.h">
      <Filter>DirectX\Sprite\Batch</Filter>
    </ClInclude>
    <ClInclude Include="BlendState.h">
      <Filter>DirectX\OutputMergeState\BlendState</Filter>
    </ClInclude>
    <ClInclude Include="RasterizerState.h">
      <Filter>DirectX\OutputMergeState\RasterizerState</Filter>
    </ClInclude>
    <ClInclude Include="DepthStencilState.h">
      <Filter>DirectX\OutputMergeState\DepthStencilState</Filter>
    </ClInclude>
    <ClInclude Include="VTFMgr.h">
      <Filter>VTF</Filter>
    </ClInclude>
    <ClInclude Include="CascadedShadows.h">
      <Filter>Shadow\CSM</Filter>
    </ClInclude>
    <ClInclude Include="GBuffers.h">
      <Filter>DirectX\Rendering</Filter>
    </ClInclude>
    <ClInclude Include="CameraManager.h">
      <Filter>Camera</Filter>
    </ClInclude>
    <ClInclude Include="Light.h">
      <Filter>Light</Filter>
    </ClInclude>
    <ClInclude Include="SpotLight.h">
      <Filter>Light\Spot</Filter>
    </ClInclude>
    <ClInclude Include="MaterialNode.h">
      <Filter>Material\Node</Filter>
    </ClInclude>
    <ClInclude Include="TextureManager.h">
      <Filter>DirectX\Texture</Filter>
    </ClInclude>
    <ClInclude Include="DeviceLost.h">
      <Filter>DirectX\D3D\Device\DeviceLost</Filter>
    </ClInclude>
    <ClInclude Include="StructuredBuffer.h">
      <Filter>DirectX\InputAssembler\StructuredBuffer</Filter>
    </ClInclude>
    <ClInclude Include="Effect.h">
      <Filter>DirectX\Shader\Effect</Filter>
    </ClInclude>
    <ClInclude Include="EffectInterface.h">
      <Filter>DirectX\Shader\Effect\Interface</Filter>
    </ClInclude>
    <ClInclude Include="Resource.h">
      <Filter>DirectX\D3D</Filter>
    </ClInclude>
    <ClInclude Include="Device.h">
      <Filter>DirectX\D3D\Device</Filter>
    </ClInclude>
    <ClInclude Include="D3DInterface.h">
      <Filter>DirectX\D3D\Interface</Filter>
    </ClInclude>
    <ClInclude Include="DeviceContext.h">
      <Filter>DirectX\D3D\Device\DeviceContext</Filter>
    </ClInclude>
    <ClInclude Include="ImageBasedLight.h">
      <Filter>DirectX\Rendering\ImageBasedLight</Filter>
    </ClInclude>
    <ClInclude Include="Shadow.h">
      <Filter>Shadow</Filter>
    </ClInclude>
    <ClInclude Include="ShadowCube.h">
      <Filter>Shadow</Filter>
    </ClInclude>
    <ClInclude Include="d3dDefine.h">
      <Filter>DirectX\D3D</Filter>
    </ClInclude>
  </ItemGroup>
  <ItemGroup>
    <ClCompile Include="stdafx.cpp">
      <Filter>소스 파일</Filter>
    </ClCompile>
    <ClCompile Include="ShaderMgr.cpp">
      <Filter>DirectX\Shader</Filter>
    </ClCompile>
    <ClCompile Include="VertexBuffer.cpp">
      <Filter>DirectX\InputAssembler\VertexBuffer</Filter>
    </ClCompile>
    <ClCompile Include="IndexBuffer.cpp">
      <Filter>DirectX\InputAssembler\IndexBuffer</Filter>
    </ClCompile>
    <ClCompile Include="Texture.cpp">
      <Filter>DirectX\Texture</Filter>
    </ClCompile>
    <ClCompile Include="Material.cpp">
      <Filter>Material</Filter>
    </ClCompile>
    <ClCompile Include="LightMgr.cpp">
      <Filter>Light</Filter>
    </ClCompile>
    <ClCompile Include="Camera.cpp">
      <Filter>Camera</Filter>
    </ClCompile>
    <ClCompile Include="DirectionalLight.cpp">
      <Filter>Light\Directional</Filter>
    </ClCompile>
    <ClCompile Include="PointLight.cpp">
      <Filter>Light\Point</Filter>
    </ClCompile>
    <ClCompile Include="RenderTarget.cpp">
      <Filter>DirectX\RenderTarget</Filter>
    </ClCompile>
    <ClCompile Include="DepthStencil.cpp">
      <Filter>DirectX\DepthStencil</Filter>
    </ClCompile>
    <ClCompile Include="Vertex.cpp">
      <Filter>DirectX\InputAssembler\VertexBuffer</Filter>
    </ClCompile>
    <ClCompile Include="DebugUtil.cpp">
      <Filter>DirectX\Debug</Filter>
    </ClCompile>
    <ClCompile Include="SamplerState.cpp">
      <Filter>DirectX\OutputMergeState\SamplerState</Filter>
    </ClCompile>
    <ClCompile Include="CullingThreadpool.cpp">
      <Filter>PreProcessing\MaskedOcclusionCulling\Library</Filter>
    </ClCompile>
    <ClCompile Include="MaskedOcclusionCulling.cpp">
      <Filter>PreProcessing\MaskedOcclusionCulling\Library</Filter>
    </ClCompile>
    <ClCompile Include="MaskedOcclusionCullingAVX2.cpp">
      <Filter>PreProcessing\MaskedOcclusionCulling\Library</Filter>
    </ClCompile>
    <ClCompile Include="OcclusionCulling.cpp">
      <Filter>PreProcessing\MaskedOcclusionCulling</Filter>
    </ClCompile>
    <ClCompile Include="ISpriteBatch.cpp">
      <Filter>DirectX\Sprite\Batch</Filter>
    </ClCompile>
    <ClCompile Include="ISpriteFont.cpp">
      <Filter>DirectX\Sprite\Font</Filter>
    </ClCompile>
    <ClCompile Include="_SpriteFont.cpp">
      <Filter>DirectX\Sprite\Font</Filter>
    </ClCompile>
    <ClCompile Include="_SpriteBatch.cpp">
      <Filter>DirectX\Sprite\Batch</Filter>
    </ClCompile>
    <ClCompile Include="BlendState.cpp">
      <Filter>DirectX\OutputMergeState\BlendState</Filter>
    </ClCompile>
    <ClCompile Include="RasterizerState.cpp">
      <Filter>DirectX\OutputMergeState\RasterizerState</Filter>
    </ClCompile>
    <ClCompile Include="DepthStencilState.cpp">
      <Filter>DirectX\OutputMergeState\DepthStencilState</Filter>
    </ClCompile>
    <ClCompile Include="d3dDefine.cpp">
      <Filter>DirectX\D3D</Filter>
    </ClCompile>
    <ClCompile Include="VTFMgr.cpp">
      <Filter>VTF</Filter>
    </ClCompile>
    <ClCompile Include="CascadedShadows.cpp">
      <Filter>Shadow\CSM</Filter>
    </ClCompile>
    <ClCompile Include="GBuffers.cpp">
      <Filter>DirectX\Rendering</Filter>
    </ClCompile>
    <ClCompile Include="CameraManager.cpp">
      <Filter>Camera</Filter>
    </ClCompile>
    <ClCompile Include="Light.cpp">
      <Filter>Light</Filter>
    </ClCompile>
    <ClCompile Include="SpotLight.cpp">
      <Filter>Light\Spot</Filter>
    </ClCompile>
    <ClCompile Include="MaterialNode.cpp">
      <Filter>Material\Node</Filter>
    </ClCompile>
    <ClCompile Include="TextureManager.cpp">
      <Filter>DirectX\Texture</Filter>
    </ClCompile>
    <ClCompile Include="DeviceLost.cpp">
      <Filter>DirectX\D3D\Device\DeviceLost</Filter>
    </ClCompile>
    <ClCompile Include="StructuredBuffer.cpp">
      <Filter>DirectX\InputAssembler\StructuredBuffer</Filter>
    </ClCompile>
    <ClCompile Include="Effect.cpp">
      <Filter>DirectX\Shader\Effect</Filter>
    </ClCompile>
    <ClCompile Include="EffectInterface.cpp">
      <Filter>DirectX\Shader\Effect\Interface</Filter>
    </ClCompile>
    <ClCompile Include="Resource.cpp">
      <Filter>DirectX\D3D</Filter>
    </ClCompile>
    <ClCompile Include="D3DInterface.cpp">
      <Filter>DirectX\D3D\Interface</Filter>
    </ClCompile>
    <ClCompile Include="DeviceContext.cpp">
      <Filter>DirectX\D3D\Device\DeviceContext</Filter>
    </ClCompile>
    <ClCompile Include="ImageBasedLight.cpp">
      <Filter>DirectX\Rendering\ImageBasedLight</Filter>
    </ClCompile>
    <ClCompile Include="Device.cpp">
      <Filter>DirectX\D3D\Device</Filter>
    </ClCompile>
    <ClCompile Include="Shadow.cpp">
      <Filter>Shadow</Filter>
    </ClCompile>
    <ClCompile Include="ShadowCube.cpp">
      <Filter>Shadow</Filter>
    </ClCompile>
  </ItemGroup>
  <ItemGroup>
    <FxCompile Include="..\..\Bin\Data\Fx\UI\UI.fx">
      <Filter>DirectX\Shader\Fx\UI</Filter>
    </FxCompile>
    <FxCompile Include="..\..\Bin\Data\Fx\Model\Deferred.fx">
      <Filter>DirectX\Shader\Fx\Model\Deferred</Filter>
    </FxCompile>
    <FxCompile Include="..\..\Bin\Data\Fx\Sky\Sky.fx">
      <Filter>DirectX\Shader\Fx\Sky</Filter>
    </FxCompile>
    <FxCompile Include="..\..\Bin\Data\Fx\Vertex\Vertex.fx">
      <Filter>DirectX\Shader\Fx\Vertex</Filter>
    </FxCompile>
    <FxCompile Include="..\..\Bin\Data\Fx\OcclusionCulling\Culling.fx">
      <Filter>DirectX\Shader\Fx\OcclusionCulling</Filter>
    </FxCompile>
    <FxCompile Include="..\..\Bin\Data\Fx\OcclusionCulling\Mipmap.fx">
      <Filter>DirectX\Shader\Fx\OcclusionCulling</Filter>
    </FxCompile>
    <FxCompile Include="..\..\Bin\Data\Fx\PostProcessing\FXAA\FXAA.fx">
      <Filter>DirectX\Shader\Fx\PostProcess\FXAA</Filter>
    </FxCompile>
    <FxCompile Include="..\..\Bin\Data\Fx\Water\Water.fx">
      <Filter>DirectX\Shader\Fx\Water</Filter>
    </FxCompile>
    <FxCompile Include="..\..\Bin\Data\Fx\Water\WaterSimulator.fx">
      <Filter>DirectX\Shader\Fx\Water</Filter>
    </FxCompile>
    <FxCompile Include="..\..\Bin\Data\Fx\Water\FFT.fx">
      <Filter>DirectX\Shader\Fx\Water</Filter>
    </FxCompile>
    <FxCompile Include="..\..\Bin\Data\Fx\PostProcessing\MotionBlur\MotionBlur.fx">
      <Filter>DirectX\Shader\Fx\PostProcess\MotionBlur</Filter>
    </FxCompile>
    <FxCompile Include="..\..\Bin\Data\Fx\PostProcessing\ColorGrading\ColorGrading.fx">
      <Filter>DirectX\Shader\Fx\PostProcess\ColorGrading</Filter>
    </FxCompile>
    <FxCompile Include="..\..\Bin\Data\Fx\PostProcessing\HDR\HDR.fx">
      <Filter>DirectX\Shader\Fx\PostProcess\HDRFilter</Filter>
    </FxCompile>
    <FxCompile Include="..\..\Bin\Data\Fx\PostProcessing\SSAO\SSAO.fx">
      <Filter>DirectX\Shader\Fx\PostProcess\SSAO</Filter>
    </FxCompile>
    <FxCompile Include="..\..\Bin\Data\Fx\Model\DeferredShadow.fx">
      <Filter>DirectX\Shader\Fx\Model\Deferred</Filter>
    </FxCompile>
    <FxCompile Include="..\..\Bin\Data\Fx\Particle\Particle.fx">
      <Filter>DirectX\Shader\Fx\Particle</Filter>
    </FxCompile>
    <FxCompile Include="..\..\Bin\Data\Fx\PostProcessing\DepthOfField\DepthOfField.fx">
      <Filter>DirectX\Shader\Fx\PostProcess\DepthOfField</Filter>
    </FxCompile>
    <FxCompile Include="..\..\Bin\Data\Fx\PostProcessing\GaussianBlur\GaussianBlur.fx">
      <Filter>DirectX\Shader\Fx\PostProcess\GaussianBlur</Filter>
    </FxCompile>
    <FxCompile Include="..\..\Bin\Data\Fx\PostProcessing\Downscale\Downscale.fx">
      <Filter>DirectX\Shader\Fx\PostProcess\Downscale</Filter>
    </FxCompile>
    <FxCompile Include="..\..\Bin\Data\Fx\Copy.fx">
      <Filter>DirectX\Shader\Fx</Filter>
    </FxCompile>
    <FxCompile Include="..\..\Bin\Data\Fx\Terrain\Terrain.fx">
      <Filter>DirectX\Shader\Fx\Terrain</Filter>
    </FxCompile>
  </ItemGroup>
  <ItemGroup>
    <None Include="..\..\Bin\Data\Fx\Converter.fx">
      <Filter>DirectX\Shader\Fx</Filter>
    </None>
    <None Include="MaskedOcclusionCullingCommon.inl">
      <Filter>PreProcessing\MaskedOcclusionCulling\Library</Filter>
    </None>
    <None Include="..\..\Bin\Data\Fx\Model\BRDF.fx">
      <Filter>DirectX\Shader\Fx\Model\Deferred\BRDF</Filter>
    </None>
    <None Include="..\..\Bin\Data\Fx\Model\Light.fx">
      <Filter>DirectX\Shader\Fx\Model\Deferred\Light</Filter>
    </None>
    <None Include="..\..\Bin\Data\Fx\Model\Shadow.fx">
      <Filter>DirectX\Shader\Fx\Model\Deferred\Shadow</Filter>
    </None>
    <None Include="..\..\Bin\Data\Fx\Model\Model.fx">
      <Filter>DirectX\Shader\Fx\Model</Filter>
    </None>
    <None Include="..\..\Bin\Data\Fx\PostProcessing\ASSAO\ASSAO.fx">
      <Filter>DirectX\Shader\Fx\PostProcess\ASSAO</Filter>
    </None>
    <None Include="..\..\Bin\Data\Fx\Model\Common.fx">
      <Filter>DirectX\Shader\Fx\Model</Filter>
    </None>
  </ItemGroup>
</Project>