<?xml version="1.0" encoding="utf-8"?>
<Project ToolsVersion="4.0" xmlns="http://schemas.microsoft.com/developer/msbuild/2003">
  <ItemGroup>
    <Filter Include="소스 파일">
      <UniqueIdentifier>{4FC737F1-C7A5-4376-A066-2A32D752A2FF}</UniqueIdentifier>
      <Extensions>cpp;c;cc;cxx;def;odl;idl;hpj;bat;asm;asmx</Extensions>
    </Filter>
    <Filter Include="헤더 파일">
      <UniqueIdentifier>{93995380-89BD-4b04-88EB-625FBE52EBFB}</UniqueIdentifier>
      <Extensions>h;hh;hpp;hxx;hm;inl;inc;xsd</Extensions>
    </Filter>
    <Filter Include="리소스 파일">
      <UniqueIdentifier>{67DA6AB6-F800-4c08-8B7A-83BB121AAD01}</UniqueIdentifier>
      <Extensions>rc;ico;cur;bmp;dlg;rc2;rct;bin;rgs;gif;jpg;jpeg;jpe;resx;tiff;tif;png;wav;mfcribbon-ms</Extensions>
    </Filter>
    <Filter Include="Device">
      <UniqueIdentifier>{ddf2ade6-7187-4f10-a678-aaccb5bd550c}</UniqueIdentifier>
    </Filter>
    <Filter Include="IndexBuffer">
      <UniqueIdentifier>{b2a63a5d-2f98-4660-b3e7-542b5917c495}</UniqueIdentifier>
    </Filter>
    <Filter Include="Texture">
      <UniqueIdentifier>{2e629891-e0ad-4e23-a70d-0021e152335c}</UniqueIdentifier>
    </Filter>
    <Filter Include="Renderer">
      <UniqueIdentifier>{184b98f2-0f0b-4db6-8b1d-986de665d02b}</UniqueIdentifier>
    </Filter>
    <Filter Include="VertexBuffer">
      <UniqueIdentifier>{7d9e25cb-88d5-4e39-984c-d65a99d3f33b}</UniqueIdentifier>
    </Filter>
    <Filter Include="Renderer\Deferred">
      <UniqueIdentifier>{e1849515-d221-475c-8750-4992adaa20d4}</UniqueIdentifier>
    </Filter>
    <Filter Include="VTF">
      <UniqueIdentifier>{404e7bac-356b-4b8a-b445-0fb3eb0dac48}</UniqueIdentifier>
    </Filter>
    <Filter Include="GBuffer">
      <UniqueIdentifier>{0ec836ad-dec3-4b0d-a2a7-758df5f2d40d}</UniqueIdentifier>
    </Filter>
    <Filter Include="RenderTarget">
      <UniqueIdentifier>{44ed6565-3931-44f5-893f-cc983531020c}</UniqueIdentifier>
    </Filter>
    <Filter Include="Util">
      <UniqueIdentifier>{c2543761-731e-4408-b8ed-afa527af80b7}</UniqueIdentifier>
    </Filter>
    <Filter Include="DepthStencil">
      <UniqueIdentifier>{35cddeae-a73f-42f2-aed1-9e3b727be630}</UniqueIdentifier>
    </Filter>
    <Filter Include="Renderer\Environment">
      <UniqueIdentifier>{7486afb6-cf5b-460e-8ac9-d7b945405d20}</UniqueIdentifier>
    </Filter>
    <Filter Include="Renderer\PostProcessing">
      <UniqueIdentifier>{49904ac3-0f7a-456f-817c-240e65536bdf}</UniqueIdentifier>
    </Filter>
    <Filter Include="Renderer\PostProcessing\FXAA">
      <UniqueIdentifier>{ef0f0034-6d94-487d-a442-9e0094a06f87}</UniqueIdentifier>
    </Filter>
    <Filter Include="Renderer\PostProcessing\GaussianBlur">
      <UniqueIdentifier>{9ec1b8d3-e5cf-4bf7-9c0c-4b667a22c8ba}</UniqueIdentifier>
    </Filter>
    <Filter Include="Renderer\PostProcessing\DownScale">
      <UniqueIdentifier>{abce4b1c-7b95-429e-8d32-26a2caa55a98}</UniqueIdentifier>
    </Filter>
    <Filter Include="Renderer\PostProcessing\DepthOfField">
      <UniqueIdentifier>{21bda2ac-c624-43a7-8e80-a36cad9f1290}</UniqueIdentifier>
    </Filter>
    <Filter Include="Renderer\PostProcessing\ASSAO">
      <UniqueIdentifier>{7e937d46-306b-49ca-8482-ccb016c2218e}</UniqueIdentifier>
    </Filter>
    <Filter Include="Renderer\PostProcessing\ColorGrading">
      <UniqueIdentifier>{0b8d7a12-aa1a-4f4a-88d2-4f3e670ddba7}</UniqueIdentifier>
    </Filter>
    <Filter Include="Renderer\PostProcessing\BloomFilter">
      <UniqueIdentifier>{e3dd7916-8780-4f76-a740-07d47d725a30}</UniqueIdentifier>
    </Filter>
    <Filter Include="Renderer\PostProcessing\SSS">
      <UniqueIdentifier>{23d580bf-7c25-4eaa-aaaa-86db31c3416e}</UniqueIdentifier>
    </Filter>
    <Filter Include="Renderer\Terrain">
      <UniqueIdentifier>{957f1702-6db6-4639-b7a3-ec219a2c8d99}</UniqueIdentifier>
    </Filter>
    <Filter Include="Util\imgui">
      <UniqueIdentifier>{e4bb69e5-053b-4913-b676-92c50a539ab1}</UniqueIdentifier>
    </Filter>
    <Filter Include="Renderer\Model">
      <UniqueIdentifier>{3fb95925-2914-48bc-a6f1-e7cb2ffa2184}</UniqueIdentifier>
    </Filter>
    <Filter Include="Renderer\PostProcessing\HDR">
      <UniqueIdentifier>{850f4a89-1bd7-41c3-8cd4-434de15421be}</UniqueIdentifier>
    </Filter>
  </ItemGroup>
  <ItemGroup>
    <ClInclude Include="stdafx.h">
      <Filter>헤더 파일</Filter>
    </ClInclude>
    <ClInclude Include="targetver.h">
      <Filter>헤더 파일</Filter>
    </ClInclude>
    <ClInclude Include="DeviceDX11.h">
      <Filter>Device</Filter>
    </ClInclude>
    <ClInclude Include="IndexBufferDX11.h">
      <Filter>IndexBuffer</Filter>
    </ClInclude>
    <ClInclude Include="RenderManagerDX11.h">
      <Filter>Renderer</Filter>
    </ClInclude>
    <ClInclude Include="TextureDX11.h">
      <Filter>Texture</Filter>
    </ClInclude>
    <ClInclude Include="VertexBufferDX11.h">
      <Filter>VertexBuffer</Filter>
    </ClInclude>
    <ClInclude Include="ModelRendererDX11.h">
      <Filter>Renderer\Model</Filter>
    </ClInclude>
    <ClInclude Include="GBufferDX11.h">
      <Filter>GBuffer</Filter>
    </ClInclude>
    <ClInclude Include="RenderTargetDX11.h">
      <Filter>RenderTarget</Filter>
    </ClInclude>
    <ClInclude Include="DeferredRendererDX11.h">
      <Filter>Renderer\Deferred</Filter>
    </ClInclude>
    <ClInclude Include="UtilDX11.h">
      <Filter>Util</Filter>
    </ClInclude>
    <ClInclude Include="DepthStencilDX11.h">
      <Filter>DepthStencil</Filter>
    </ClInclude>
    <ClInclude Include="VTFManagerDX11.h">
      <Filter>VTF</Filter>
    </ClInclude>
    <ClInclude Include="EnvironmentRendererDX11.h">
      <Filter>Renderer\Environment</Filter>
    </ClInclude>
    <ClInclude Include="FxaaDX11.h">
      <Filter>Renderer\PostProcessing\FXAA</Filter>
    </ClInclude>
    <ClInclude Include="GaussianBlurDX11.h">
      <Filter>Renderer\PostProcessing\GaussianBlur</Filter>
    </ClInclude>
    <ClInclude Include="DownScaleDX11.h">
      <Filter>Renderer\PostProcessing\DownScale</Filter>
    </ClInclude>
    <ClInclude Include="DepthOfFieldDX11.h">
      <Filter>Renderer\PostProcessing\DepthOfField</Filter>
    </ClInclude>
    <ClInclude Include="AssaoDX11.h">
      <Filter>Renderer\PostProcessing\ASSAO</Filter>
    </ClInclude>
    <ClInclude Include="ColorGradingDX11.h">
      <Filter>Renderer\PostProcessing\ColorGrading</Filter>
    </ClInclude>
    <ClInclude Include="SSSDX11.h">
      <Filter>Renderer\PostProcessing\SSS</Filter>
    </ClInclude>
    <ClInclude Include="imgui_impl_dx11.h">
      <Filter>Util\imgui</Filter>
    </ClInclude>
    <ClInclude Include="TerrainRendererDX11.h">
      <Filter>Renderer\Terrain</Filter>
    </ClInclude>
    <ClInclude Include="BloomFilterDX11.h">
      <Filter>Renderer\PostProcessing\BloomFilter</Filter>
    </ClInclude>
    <ClInclude Include="HDRFilterDX11.h">
      <Filter>Renderer\PostProcessing\HDR</Filter>
    </ClInclude>
  </ItemGroup>
  <ItemGroup>
    <ClCompile Include="stdafx.cpp">
      <Filter>소스 파일</Filter>
    </ClCompile>
    <ClCompile Include="DeviceDX11.cpp">
      <Filter>Device</Filter>
    </ClCompile>
    <ClCompile Include="IndexBufferDX11.cpp">
      <Filter>IndexBuffer</Filter>
    </ClCompile>
    <ClCompile Include="RenderManagerDX11.cpp">
      <Filter>Renderer</Filter>
    </ClCompile>
    <ClCompile Include="TextureDX11.cpp">
      <Filter>Texture</Filter>
    </ClCompile>
    <ClCompile Include="VertexBufferDX11.cpp">
      <Filter>VertexBuffer</Filter>
    </ClCompile>
    <ClCompile Include="ModelRendererDX11.cpp">
      <Filter>Renderer\Model</Filter>
    </ClCompile>
    <ClCompile Include="GBufferDX11.cpp">
      <Filter>GBuffer</Filter>
    </ClCompile>
    <ClCompile Include="RenderTargetDX11.cpp">
      <Filter>RenderTarget</Filter>
    </ClCompile>
    <ClCompile Include="DeferredRendererDX11.cpp">
      <Filter>Renderer\Deferred</Filter>
    </ClCompile>
    <ClCompile Include="UtilDX11.cpp">
      <Filter>Util</Filter>
    </ClCompile>
    <ClCompile Include="DepthStencilDX11.cpp">
      <Filter>DepthStencil</Filter>
    </ClCompile>
    <ClCompile Include="VTFManagerDX11.cpp">
      <Filter>VTF</Filter>
    </ClCompile>
    <ClCompile Include="EnvironmentRendererDX11.cpp">
      <Filter>Renderer\Environment</Filter>
    </ClCompile>
    <ClCompile Include="FxaaDX11.cpp">
      <Filter>Renderer\PostProcessing\FXAA</Filter>
    </ClCompile>
    <ClCompile Include="GaussianBlurDX11.cpp">
      <Filter>Renderer\PostProcessing\GaussianBlur</Filter>
    </ClCompile>
    <ClCompile Include="DownScaleDX11.cpp">
      <Filter>Renderer\PostProcessing\DownScale</Filter>
    </ClCompile>
    <ClCompile Include="DepthOfFieldDX11.cpp">
      <Filter>Renderer\PostProcessing\DepthOfField</Filter>
    </ClCompile>
    <ClCompile Include="AssaoDX11.cpp">
      <Filter>Renderer\PostProcessing\ASSAO</Filter>
    </ClCompile>
    <ClCompile Include="ColorGradingDX11.cpp">
      <Filter>Renderer\PostProcessing\ColorGrading</Filter>
    </ClCompile>
    <ClCompile Include="BloomFilterDX11.cpp">
      <Filter>Renderer\PostProcessing\BloomFilter</Filter>
    </ClCompile>
    <ClCompile Include="SSSDX11.cpp">
      <Filter>Renderer\PostProcessing\SSS</Filter>
    </ClCompile>
    <ClCompile Include="imgui_impl_dx11.cpp">
      <Filter>Util\imgui</Filter>
    </ClCompile>
    <ClCompile Include="TerrainRendererDX11.cpp">
      <Filter>Renderer\Terrain</Filter>
    </ClCompile>
    <ClCompile Include="HDRFilterDX11.cpp">
      <Filter>Renderer\PostProcessing\HDR</Filter>
    </ClCompile>
  </ItemGroup>
</Project>