<?xml version="1.0" encoding="utf-8"?>
<Project ToolsVersion="4.0" xmlns="http://schemas.microsoft.com/developer/msbuild/2003">
  <ItemGroup>
    <Filter Include="소스 파일">
      <UniqueIdentifier>{4FC737F1-C7A5-4376-A066-2A32D752A2FF}</UniqueIdentifier>
      <Extensions>cpp;c;cc;cxx;def;odl;idl;hpj;bat;asm;asmx</Extensions>
    </Filter>
    <Filter Include="헤더 파일">
      <UniqueIdentifier>{93995380-89BD-4b04-88EB-625FBE52EBFB}</UniqueIdentifier>
      <Extensions>h;hh;hpp;hxx;hm;inl;inc;xsd</Extensions>
    </Filter>
    <Filter Include="리소스 파일">
      <UniqueIdentifier>{67DA6AB6-F800-4c08-8B7A-83BB121AAD01}</UniqueIdentifier>
      <Extensions>rc;ico;cur;bmp;dlg;rc2;rct;bin;rgs;gif;jpg;jpeg;jpe;resx;tiff;tif;png;wav;mfcribbon-ms</Extensions>
    </Filter>
    <Filter Include="Device">
      <UniqueIdentifier>{5607cc45-19b7-4ba7-814d-2a0fdfcd997f}</UniqueIdentifier>
    </Filter>
    <Filter Include="Texture">
      <UniqueIdentifier>{4b0b4c66-0ce7-49ad-b3e3-d5a764dd4c37}</UniqueIdentifier>
    </Filter>
    <Filter Include="Renderer">
      <UniqueIdentifier>{e0ef8ea2-76b3-49d6-b15e-68d5e026f3d1}</UniqueIdentifier>
    </Filter>
    <Filter Include="VertexBuffer">
      <UniqueIdentifier>{33503a98-37c6-4f4a-b8e6-936b04cce55a}</UniqueIdentifier>
    </Filter>
    <Filter Include="IndexBuffer">
      <UniqueIdentifier>{366c4138-a66f-4ef1-9db0-3c0e78a646a9}</UniqueIdentifier>
    </Filter>
    <Filter Include="Renderer\Deferred">
      <UniqueIdentifier>{d5191208-36f4-4e8a-b659-c98bea6eaf85}</UniqueIdentifier>
    </Filter>
    <Filter Include="Renderer\Model">
      <UniqueIdentifier>{74445ebe-ce57-41b4-bb93-2c7f244048c1}</UniqueIdentifier>
    </Filter>
    <Filter Include="Util">
      <UniqueIdentifier>{162faa1e-44c5-4f92-b070-8318dfa09b9c}</UniqueIdentifier>
    </Filter>
    <Filter Include="GBuffer">
      <UniqueIdentifier>{3c55bd20-0827-448d-84cb-5cdcab4f01f1}</UniqueIdentifier>
    </Filter>
    <Filter Include="RenderTarget">
      <UniqueIdentifier>{b51d2211-f3df-4ec3-9127-0bab291701cc}</UniqueIdentifier>
    </Filter>
    <Filter Include="DepthStencil">
      <UniqueIdentifier>{1977a2c0-6b14-4d64-81ce-5fe58817f560}</UniqueIdentifier>
    </Filter>
    <Filter Include="Device\Upload">
      <UniqueIdentifier>{ec674a76-b8a2-4e01-8772-78a1bfc80253}</UniqueIdentifier>
    </Filter>
    <Filter Include="DescriptorHeap">
      <UniqueIdentifier>{71b75c08-c355-4a40-a0c6-e5a0a94eed76}</UniqueIdentifier>
    </Filter>
    <Filter Include="VTF">
      <UniqueIdentifier>{ea4fbdbc-a4b3-4a09-8924-6d5b4b4342a2}</UniqueIdentifier>
    </Filter>
    <Filter Include="Renderer\Environment">
      <UniqueIdentifier>{629e3b6c-c561-4b69-8f1d-27a1dd5911bc}</UniqueIdentifier>
    </Filter>
    <Filter Include="Renderer\PostProcessing">
      <UniqueIdentifier>{c844a12a-e239-4961-a29a-f20dda074e0c}</UniqueIdentifier>
    </Filter>
    <Filter Include="Renderer\PostProcessing\FXAA">
      <UniqueIdentifier>{65a748a8-8a7c-4a7f-921d-c4bdf58b55a7}</UniqueIdentifier>
    </Filter>
    <Filter Include="Renderer\PostProcessing\DepthOfField">
      <UniqueIdentifier>{8ff74fde-62f4-4a2c-b7ef-ca510c99f1af}</UniqueIdentifier>
    </Filter>
    <Filter Include="Renderer\PostProcessing\DownScale">
      <UniqueIdentifier>{e4e85c91-3902-4782-8c55-aaaa20c6bdad}</UniqueIdentifier>
    </Filter>
    <Filter Include="Renderer\PostProcessing\GaussianBlur">
      <UniqueIdentifier>{c44bb560-fedf-45c7-9334-3c288802ee6f}</UniqueIdentifier>
    </Filter>
    <Filter Include="Renderer\PostProcessing\ASSAO">
      <UniqueIdentifier>{b9550e4d-ba2d-4c6e-b5c1-f2a760184225}</UniqueIdentifier>
    </Filter>
    <Filter Include="Renderer\PostProcessing\ColorGrading">
      <UniqueIdentifier>{25f9be58-4857-4b3d-864e-ddba17f85a05}</UniqueIdentifier>
    </Filter>
    <Filter Include="Renderer\PostProcessing\BloomFilter">
      <UniqueIdentifier>{1d748ae4-b53e-4031-b02c-9c40d08b3b23}</UniqueIdentifier>
    </Filter>
    <Filter Include="Renderer\PostProcessing\SSS">
      <UniqueIdentifier>{c8398a3a-05d2-4321-ad16-96d5efbd39c4}</UniqueIdentifier>
    </Filter>
    <Filter Include="Util\imgui">
      <UniqueIdentifier>{8f1bfa01-a3de-4ece-beb5-705e5ab8f0ac}</UniqueIdentifier>
    </Filter>
    <Filter Include="Renderer\Terrain">
      <UniqueIdentifier>{07c11590-0ddb-4050-84f5-3c9c5fffdb87}</UniqueIdentifier>
    </Filter>
    <Filter Include="Renderer\PostProcessing\HDR">
      <UniqueIdentifier>{ee25a43d-ddec-4c88-8524-480fa9c171b1}</UniqueIdentifier>
    </Filter>
    <Filter Include="Renderer\Interface">
      <UniqueIdentifier>{7cdcc936-1184-42d2-b60f-07965c8eb652}</UniqueIdentifier>
    </Filter>
    <Filter Include="Renderer\Vertex">
      <UniqueIdentifier>{40283e03-3c70-46f8-9d65-126c5257e56d}</UniqueIdentifier>
    </Filter>
    <Filter Include="Renderer\PostProcessing\MotionBlur">
      <UniqueIdentifier>{dffe2f7a-aa46-44c3-86c8-e962ff56fb6a}</UniqueIdentifier>
    </Filter>
    <Filter Include="Renderer\Copy">
      <UniqueIdentifier>{a40c79c6-3cff-43ac-830c-bd76c997d144}</UniqueIdentifier>
    </Filter>
    <Filter Include="Util\ScreenGrab">
      <UniqueIdentifier>{82614567-01b4-47b9-8966-6352758a4d25}</UniqueIdentifier>
    </Filter>
    <Filter Include="LightResourceManager">
      <UniqueIdentifier>{f7771b76-7c4a-4f1f-9843-10c7b2bd561e}</UniqueIdentifier>
    </Filter>
  </ItemGroup>
  <ItemGroup>
    <ClInclude Include="stdafx.h">
      <Filter>헤더 파일</Filter>
    </ClInclude>
    <ClInclude Include="targetver.h">
      <Filter>헤더 파일</Filter>
    </ClInclude>
    <ClInclude Include="d3dx12.h">
      <Filter>헤더 파일</Filter>
    </ClInclude>
    <ClInclude Include="DeviceDX12.h">
      <Filter>Device</Filter>
    </ClInclude>
    <ClInclude Include="IndexBufferDX12.h">
      <Filter>IndexBuffer</Filter>
    </ClInclude>
    <ClInclude Include="RenderManagerDX12.h">
      <Filter>Renderer</Filter>
    </ClInclude>
    <ClInclude Include="TextureDX12.h">
      <Filter>Texture</Filter>
    </ClInclude>
    <ClInclude Include="VertexBufferDX12.h">
      <Filter>VertexBuffer</Filter>
    </ClInclude>
    <ClInclude Include="ModelRendererDX12.h">
      <Filter>Renderer\Model</Filter>
    </ClInclude>
    <ClInclude Include="GBufferDX12.h">
      <Filter>GBuffer</Filter>
    </ClInclude>
    <ClInclude Include="RenderTargetDX12.h">
      <Filter>RenderTarget</Filter>
    </ClInclude>
    <ClInclude Include="DepthStencilDX12.h">
      <Filter>DepthStencil</Filter>
    </ClInclude>
    <ClInclude Include="UploadDX12.h">
      <Filter>Device\Upload</Filter>
    </ClInclude>
    <ClInclude Include="DescriptorHeapDX12.h">
      <Filter>DescriptorHeap</Filter>
    </ClInclude>
    <ClInclude Include="DefineDX12.h">
      <Filter>Device</Filter>
    </ClInclude>
    <ClInclude Include="DeferredRendererDX12.h">
      <Filter>Renderer\Deferred</Filter>
    </ClInclude>
    <ClInclude Include="EnvironmentRendererDX12.h">
      <Filter>Renderer\Environment</Filter>
    </ClInclude>
    <ClInclude Include="FxaaDX12.h">
      <Filter>Renderer\PostProcessing\FXAA</Filter>
    </ClInclude>
    <ClInclude Include="GaussianBlurDX12.h">
      <Filter>Renderer\PostProcessing\GaussianBlur</Filter>
    </ClInclude>
    <ClInclude Include="DownScaleDX12.h">
      <Filter>Renderer\PostProcessing\DownScale</Filter>
    </ClInclude>
    <ClInclude Include="DepthOfFieldDX12.h">
      <Filter>Renderer\PostProcessing\DepthOfField</Filter>
    </ClInclude>
    <ClInclude Include="AssaoDX12.h">
      <Filter>Renderer\PostProcessing\ASSAO</Filter>
    </ClInclude>
    <ClInclude Include="ColorGradingDX12.h">
      <Filter>Renderer\PostProcessing\ColorGrading</Filter>
    </ClInclude>
    <ClInclude Include="BloomFilterDX12.h">
      <Filter>Renderer\PostProcessing\BloomFilter</Filter>
    </ClInclude>
    <ClInclude Include="SSSDX12.h">
      <Filter>Renderer\PostProcessing\SSS</Filter>
    </ClInclude>
    <ClInclude Include="imgui_impl_dx12.h">
      <Filter>Util\imgui</Filter>
    </ClInclude>
    <ClInclude Include="TerrainRendererDX12.h">
      <Filter>Renderer\Terrain</Filter>
    </ClInclude>
    <ClInclude Include="HDRFilterDX12.h">
      <Filter>Renderer\PostProcessing\HDR</Filter>
    </ClInclude>
    <ClInclude Include="VTFManagerDX12.h">
      <Filter>VTF</Filter>
    </ClInclude>
    <ClInclude Include="RendererDX12.h">
      <Filter>Renderer\Interface</Filter>
    </ClInclude>
    <ClInclude Include="UtilDX12.h">
      <Filter>Util</Filter>
    </ClInclude>
    <ClInclude Include="VertexRendererDX12.h">
      <Filter>Renderer\Vertex</Filter>
    </ClInclude>
    <ClInclude Include="MotionBlurDX12.h">
      <Filter>Renderer\PostProcessing\MotionBlur</Filter>
    </ClInclude>
    <ClInclude Include="CopyRendererDX12.h">
      <Filter>Renderer\Copy</Filter>
    </ClInclude>
    <ClInclude Include="ScreenGrab12.h">
      <Filter>Util\ScreenGrab</Filter>
    </ClInclude>
    <ClInclude Include="LightResourceManagerDX12.h">
      <Filter>LightResourceManager</Filter>
    </ClInclude>
  </ItemGroup>
  <ItemGroup>
    <ClCompile Include="stdafx.cpp">
      <Filter>소스 파일</Filter>
    </ClCompile>
    <ClCompile Include="DeviceDX12.cpp">
      <Filter>Device</Filter>
    </ClCompile>
    <ClCompile Include="IndexBufferDX12.cpp">
      <Filter>IndexBuffer</Filter>
    </ClCompile>
    <ClCompile Include="RenderManagerDX12.cpp">
      <Filter>Renderer</Filter>
    </ClCompile>
    <ClCompile Include="VertexBufferDX12.cpp">
      <Filter>VertexBuffer</Filter>
    </ClCompile>
    <ClCompile Include="ModelRendererDX12.cpp">
      <Filter>Renderer\Model</Filter>
    </ClCompile>
    <ClCompile Include="UtilDX12.cpp">
      <Filter>Util</Filter>
    </ClCompile>
    <ClCompile Include="GBufferDX12.cpp">
      <Filter>GBuffer</Filter>
    </ClCompile>
    <ClCompile Include="RenderTargetDX12.cpp">
      <Filter>RenderTarget</Filter>
    </ClCompile>
    <ClCompile Include="DepthStencilDX12.cpp">
      <Filter>DepthStencil</Filter>
    </ClCompile>
    <ClCompile Include="UploadDX12.cpp">
      <Filter>Device\Upload</Filter>
    </ClCompile>
    <ClCompile Include="DescriptorHeapDX12.cpp">
      <Filter>DescriptorHeap</Filter>
    </ClCompile>
    <ClCompile Include="DefineDX12.cpp">
      <Filter>Device</Filter>
    </ClCompile>
    <ClCompile Include="DeferredRendererDX12.cpp">
      <Filter>Renderer\Deferred</Filter>
    </ClCompile>
    <ClCompile Include="VTFManagerDX12.cpp">
      <Filter>VTF</Filter>
    </ClCompile>
    <ClCompile Include="EnvironmentRendererDX12.cpp">
      <Filter>Renderer\Environment</Filter>
    </ClCompile>
    <ClCompile Include="FxaaDX12.cpp">
      <Filter>Renderer\PostProcessing\FXAA</Filter>
    </ClCompile>
    <ClCompile Include="GaussianBlurDX12.cpp">
      <Filter>Renderer\PostProcessing\GaussianBlur</Filter>
    </ClCompile>
    <ClCompile Include="DownScaleDX12.cpp">
      <Filter>Renderer\PostProcessing\DownScale</Filter>
    </ClCompile>
    <ClCompile Include="DepthOfFieldDX12.cpp">
      <Filter>Renderer\PostProcessing\DepthOfField</Filter>
    </ClCompile>
    <ClCompile Include="AssaoDX12.cpp">
      <Filter>Renderer\PostProcessing\ASSAO</Filter>
    </ClCompile>
    <ClCompile Include="ColorGradingDX12.cpp">
      <Filter>Renderer\PostProcessing\ColorGrading</Filter>
    </ClCompile>
    <ClCompile Include="BloomFilterDX12.cpp">
      <Filter>Renderer\PostProcessing\BloomFilter</Filter>
    </ClCompile>
    <ClCompile Include="SSSDX12.cpp">
      <Filter>Renderer\PostProcessing\SSS</Filter>
    </ClCompile>
    <ClCompile Include="imgui_impl_dx12.cpp">
      <Filter>Util\imgui</Filter>
    </ClCompile>
    <ClCompile Include="TerrainRendererDX12.cpp">
      <Filter>Renderer\Terrain</Filter>
    </ClCompile>
    <ClCompile Include="HDRFilterDX12.cpp">
      <Filter>Renderer\PostProcessing\HDR</Filter>
    </ClCompile>
    <ClCompile Include="RendererDX12.cpp">
      <Filter>Renderer\Interface</Filter>
    </ClCompile>
    <ClCompile Include="VertexRendererDX12.cpp">
      <Filter>Renderer\Vertex</Filter>
    </ClCompile>
    <ClCompile Include="MotionBlurDX12.cpp">
      <Filter>Renderer\PostProcessing\MotionBlur</Filter>
    </ClCompile>
    <ClCompile Include="CopyRendererDX12.cpp">
      <Filter>Renderer\Copy</Filter>
    </ClCompile>
    <ClCompile Include="ScreenGrab12.cpp">
      <Filter>Util\ScreenGrab</Filter>
    </ClCompile>
    <ClCompile Include="TextureDX12.cpp">
      <Filter>Texture</Filter>
    </ClCompile>
    <ClCompile Include="LightResourceManagerDX12.cpp">
      <Filter>LightResourceManager</Filter>
    </ClCompile>
  </ItemGroup>
</Project>