<?xml version="1.0" encoding="utf-8"?>
<Project ToolsVersion="4.0" xmlns="http://schemas.microsoft.com/developer/msbuild/2003">
  <ItemGroup>
    <Filter Include="소스 파일">
      <UniqueIdentifier>{4FC737F1-C7A5-4376-A066-2A32D752A2FF}</UniqueIdentifier>
      <Extensions>cpp;c;cc;cxx;def;odl;idl;hpj;bat;asm;asmx</Extensions>
    </Filter>
    <Filter Include="헤더 파일">
      <UniqueIdentifier>{93995380-89BD-4b04-88EB-625FBE52EBFB}</UniqueIdentifier>
      <Extensions>h;hh;hpp;hxx;hm;inl;inc;xsd</Extensions>
    </Filter>
    <Filter Include="리소스 파일">
      <UniqueIdentifier>{67DA6AB6-F800-4c08-8B7A-83BB121AAD01}</UniqueIdentifier>
      <Extensions>rc;ico;cur;bmp;dlg;rc2;rct;bin;rgs;gif;jpg;jpeg;jpe;resx;tiff;tif;png;wav;mfcribbon-ms</Extensions>
    </Filter>
    <Filter Include="UI">
      <UniqueIdentifier>{97c2c150-10b9-462b-9930-2c32e8202375}</UniqueIdentifier>
    </Filter>
    <Filter Include="UI\Static">
      <UniqueIdentifier>{9d86f793-5789-4637-8294-e4ed311c620d}</UniqueIdentifier>
    </Filter>
    <Filter Include="UI\Button">
      <UniqueIdentifier>{3002041b-e259-4f0e-8fa0-41a0adc74962}</UniqueIdentifier>
    </Filter>
    <Filter Include="UI\Interface">
      <UniqueIdentifier>{7c3e30aa-d837-4aa3-bcaf-0f318c94b41c}</UniqueIdentifier>
    </Filter>
    <Filter Include="UI\Interface\Element">
      <UniqueIdentifier>{1a3abe3e-e0c6-4da0-9eda-1fb64927882a}</UniqueIdentifier>
    </Filter>
    <Filter Include="UI\CheckBox">
      <UniqueIdentifier>{ea86e696-54c0-4a06-a153-c45fc9e1ba2a}</UniqueIdentifier>
    </Filter>
    <Filter Include="UI\Radio">
      <UniqueIdentifier>{4fbe8051-bed5-43a1-b36f-9534ec642b52}</UniqueIdentifier>
    </Filter>
    <Filter Include="UI\ComboBox">
      <UniqueIdentifier>{2b426952-0d96-465e-966d-8244c1384ab8}</UniqueIdentifier>
    </Filter>
    <Filter Include="UI\ScrollBar">
      <UniqueIdentifier>{2e34b269-10c1-45a0-9301-f5213200be25}</UniqueIdentifier>
    </Filter>
    <Filter Include="UI\Slider">
      <UniqueIdentifier>{e2288189-bc2a-433b-ae28-90f8f32e23a7}</UniqueIdentifier>
    </Filter>
    <Filter Include="UI\EditBox">
      <UniqueIdentifier>{a7cde1c0-be2c-4d2b-9ed6-d4d8e2bb7863}</UniqueIdentifier>
    </Filter>
    <Filter Include="UI\ListItem">
      <UniqueIdentifier>{4d4e63d3-3201-4331-8a56-25e5d8ab824a}</UniqueIdentifier>
    </Filter>
    <Filter Include="UI\UIPanel">
      <UniqueIdentifier>{96523b30-1285-43f1-b230-7e633d64c788}</UniqueIdentifier>
    </Filter>
  </ItemGroup>
  <ItemGroup>
    <Text Include="ReadMe.txt" />
  </ItemGroup>
  <ItemGroup>
    <ClInclude Include="stdafx.h">
      <Filter>헤더 파일</Filter>
    </ClInclude>
    <ClInclude Include="targetver.h">
      <Filter>헤더 파일</Filter>
    </ClInclude>
    <ClInclude Include="UIMgr.h">
      <Filter>UI</Filter>
    </ClInclude>
    <ClInclude Include="UIStatic.h">
      <Filter>UI\Static</Filter>
    </ClInclude>
    <ClInclude Include="IUIObject.h">
      <Filter>UI\Interface</Filter>
    </ClInclude>
    <ClInclude Include="UIDefine.h">
      <Filter>UI\Interface</Filter>
    </ClInclude>
    <ClInclude Include="UIElement.h">
      <Filter>UI\Interface\Element</Filter>
    </ClInclude>
    <ClInclude Include="UIObject.h">
      <Filter>UI\Interface</Filter>
    </ClInclude>
    <ClInclude Include="UIButton.h">
      <Filter>UI\Button</Filter>
    </ClInclude>
    <ClInclude Include="UICheckBox.h">
      <Filter>UI\CheckBox</Filter>
    </ClInclude>
    <ClInclude Include="UIRadioButton.h">
      <Filter>UI\Radio</Filter>
    </ClInclude>
    <ClInclude Include="UIComboBox.h">
      <Filter>UI\ComboBox</Filter>
    </ClInclude>
    <ClInclude Include="UIScrollBar.h">
      <Filter>UI\ScrollBar</Filter>
    </ClInclude>
    <ClInclude Include="UISlider.h">
      <Filter>UI\Slider</Filter>
    </ClInclude>
    <ClInclude Include="UIEditBox.h">
      <Filter>UI\EditBox</Filter>
    </ClInclude>
    <ClInclude Include="UniBuffer.h">
      <Filter>UI\EditBox</Filter>
    </ClInclude>
    <ClInclude Include="ImeUi.h">
      <Filter>헤더 파일</Filter>
    </ClInclude>
    <ClInclude Include="UIListBox.h">
      <Filter>UI\ListItem</Filter>
    </ClInclude>
    <ClInclude Include="UIPanel.h">
      <Filter>UI\UIPanel</Filter>
    </ClInclude>
    <ClInclude Include="IUIPanel.h">
      <Filter>UI\UIPanel</Filter>
    </ClInclude>
  </ItemGroup>
  <ItemGroup>
    <ClCompile Include="stdafx.cpp">
      <Filter>소스 파일</Filter>
    </ClCompile>
    <ClCompile Include="UIMgr.cpp">
      <Filter>UI</Filter>
    </ClCompile>
    <ClCompile Include="UIStatic.cpp">
      <Filter>UI\Static</Filter>
    </ClCompile>
    <ClCompile Include="IUIObject.cpp">
      <Filter>UI\Interface</Filter>
    </ClCompile>
    <ClCompile Include="UIElement.cpp">
      <Filter>UI\Interface\Element</Filter>
    </ClCompile>
    <ClCompile Include="UIObject.cpp">
      <Filter>UI\Interface</Filter>
    </ClCompile>
    <ClCompile Include="UIButton.cpp">
      <Filter>UI\Button</Filter>
    </ClCompile>
    <ClCompile Include="UICheckBox.cpp">
      <Filter>UI\CheckBox</Filter>
    </ClCompile>
    <ClCompile Include="UIRadioButton.cpp">
      <Filter>UI\Radio</Filter>
    </ClCompile>
    <ClCompile Include="UIComboBox.cpp">
      <Filter>UI\ComboBox</Filter>
    </ClCompile>
    <ClCompile Include="UIScrollBar.cpp">
      <Filter>UI\ScrollBar</Filter>
    </ClCompile>
    <ClCompile Include="UISlider.cpp">
      <Filter>UI\Slider</Filter>
    </ClCompile>
    <ClCompile Include="UIEditBox.cpp">
      <Filter>UI\EditBox</Filter>
    </ClCompile>
    <ClCompile Include="UniBuffer.cpp">
      <Filter>UI\EditBox</Filter>
    </ClCompile>
    <ClCompile Include="ImeUi.cpp">
      <Filter>소스 파일</Filter>
    </ClCompile>
    <ClCompile Include="UIListBox.cpp">
      <Filter>UI\ListItem</Filter>
    </ClCompile>
    <ClCompile Include="UIPanel.cpp">
      <Filter>UI\UIPanel</Filter>
    </ClCompile>
    <ClCompile Include="IUIPanel.cpp">
      <Filter>UI\UIPanel</Filter>
    </ClCompile>
  </ItemGroup>
</Project>