<?xml version="1.0" encoding="utf-8"?>
<Project ToolsVersion="4.0" xmlns="http://schemas.microsoft.com/developer/msbuild/2003">
  <ItemGroup>
    <Filter Include="소스 파일">
      <UniqueIdentifier>{4FC737F1-C7A5-4376-A066-2A32D752A2FF}</UniqueIdentifier>
      <Extensions>cpp;c;cc;cxx;def;odl;idl;hpj;bat;asm;asmx</Extensions>
    </Filter>
    <Filter Include="헤더 파일">
      <UniqueIdentifier>{93995380-89BD-4b04-88EB-625FBE52EBFB}</UniqueIdentifier>
      <Extensions>h;hh;hpp;hxx;hm;inl;inc;xsd</Extensions>
    </Filter>
    <Filter Include="리소스 파일">
      <UniqueIdentifier>{67DA6AB6-F800-4c08-8B7A-83BB121AAD01}</UniqueIdentifier>
      <Extensions>rc;ico;cur;bmp;dlg;rc2;rct;bin;rgs;gif;jpg;jpeg;jpe;resx;tiff;tif;png;wav;mfcribbon-ms</Extensions>
    </Filter>
    <Filter Include="Material">
      <UniqueIdentifier>{35ce2ce3-5f85-4671-91e2-9f6a7d56a553}</UniqueIdentifier>
    </Filter>
    <Filter Include="Material\Node">
      <UniqueIdentifier>{8698d891-c485-4152-81ff-b9e9e21a4062}</UniqueIdentifier>
    </Filter>
    <Filter Include="MaskedOcclusionCulling">
      <UniqueIdentifier>{fc466148-26e5-4dc1-a130-d851414030a4}</UniqueIdentifier>
    </Filter>
    <Filter Include="MaskedOcclusionCulling\Library">
      <UniqueIdentifier>{0cb0d323-d5f8-42d8-999a-8f37bde67a7c}</UniqueIdentifier>
    </Filter>
    <Filter Include="Shadow">
      <UniqueIdentifier>{b8aa3d5b-ad6e-413b-acc2-ee2ba05a59e2}</UniqueIdentifier>
    </Filter>
    <Filter Include="Shadow\CSM">
      <UniqueIdentifier>{10549c8c-57ff-4686-bb97-b08458c0a017}</UniqueIdentifier>
    </Filter>
    <Filter Include="Interface">
      <UniqueIdentifier>{721945d0-208f-41d2-a33c-d8addf781847}</UniqueIdentifier>
    </Filter>
    <Filter Include="Texture">
      <UniqueIdentifier>{9b31e954-6f82-4fd1-847d-1c9c46a7c9fa}</UniqueIdentifier>
    </Filter>
  </ItemGroup>
  <ItemGroup>
    <Text Include="ReadMe.txt" />
  </ItemGroup>
  <ItemGroup>
    <ClInclude Include="stdafx.h">
      <Filter>헤더 파일</Filter>
    </ClInclude>
    <ClInclude Include="targetver.h">
      <Filter>헤더 파일</Filter>
    </ClInclude>
    <ClInclude Include="Material.h">
      <Filter>Material</Filter>
    </ClInclude>
    <ClInclude Include="MaterialNode.h">
      <Filter>Material\Node</Filter>
    </ClInclude>
    <ClInclude Include="CullingThreadpool.h">
      <Filter>MaskedOcclusionCulling\Library</Filter>
    </ClInclude>
    <ClInclude Include="MaskedOcclusionCulling.h">
      <Filter>MaskedOcclusionCulling\Library</Filter>
    </ClInclude>
    <ClInclude Include="OcclusionCulling.h">
      <Filter>MaskedOcclusionCulling</Filter>
    </ClInclude>
    <ClInclude Include="CascadedShadows.h">
      <Filter>Shadow\CSM</Filter>
    </ClInclude>
    <ClInclude Include="Shadow.h">
      <Filter>Shadow</Filter>
    </ClInclude>
    <ClInclude Include="ShadowCube.h">
      <Filter>Shadow</Filter>
    </ClInclude>
    <ClInclude Include="Graphics.h">
      <Filter>Interface</Filter>
    </ClInclude>
    <ClInclude Include="TextureManager.h">
      <Filter>Texture</Filter>
    </ClInclude>
  </ItemGroup>
  <ItemGroup>
    <ClCompile Include="stdafx.cpp">
      <Filter>소스 파일</Filter>
    </ClCompile>
    <ClCompile Include="Material.cpp">
      <Filter>Material</Filter>
    </ClCompile>
    <ClCompile Include="MaterialNode.cpp">
      <Filter>Material\Node</Filter>
    </ClCompile>
    <ClCompile Include="CullingThreadpool.cpp">
      <Filter>MaskedOcclusionCulling\Library</Filter>
    </ClCompile>
    <ClCompile Include="MaskedOcclusionCulling.cpp">
      <Filter>MaskedOcclusionCulling\Library</Filter>
    </ClCompile>
    <ClCompile Include="MaskedOcclusionCullingAVX2.cpp">
      <Filter>MaskedOcclusionCulling\Library</Filter>
    </ClCompile>
    <ClCompile Include="MaskedOcclusionCullingAVX512.cpp">
      <Filter>MaskedOcclusionCulling\Library</Filter>
    </ClCompile>
    <ClCompile Include="OcclusionCulling.cpp">
      <Filter>MaskedOcclusionCulling</Filter>
    </ClCompile>
    <ClCompile Include="CascadedShadows.cpp">
      <Filter>Shadow\CSM</Filter>
    </ClCompile>
    <ClCompile Include="Shadow.cpp">
      <Filter>Shadow</Filter>
    </ClCompile>
    <ClCompile Include="ShadowCube.cpp">
      <Filter>Shadow</Filter>
    </ClCompile>
    <ClCompile Include="Graphics.cpp">
      <Filter>Interface</Filter>
    </ClCompile>
    <ClCompile Include="TextureManager.cpp">
      <Filter>Texture</Filter>
    </ClCompile>
  </ItemGroup>
  <ItemGroup>
    <None Include="CompilerSpecific.inl">
      <Filter>MaskedOcclusionCulling\Library</Filter>
    </None>
    <None Include="MaskedOcclusionCullingCommon.inl">
      <Filter>MaskedOcclusionCulling\Library</Filter>
    </None>
  </ItemGroup>
</Project>