<?xml version="1.0" encoding="utf-8"?>
<Project ToolsVersion="4.0" xmlns="http://schemas.microsoft.com/developer/msbuild/2003">
  <ItemGroup>
    <Filter Include="소스 파일">
      <UniqueIdentifier>{4FC737F1-C7A5-4376-A066-2A32D752A2FF}</UniqueIdentifier>
      <Extensions>cpp;c;cc;cxx;def;odl;idl;hpj;bat;asm;asmx</Extensions>
    </Filter>
    <Filter Include="헤더 파일">
      <UniqueIdentifier>{93995380-89BD-4b04-88EB-625FBE52EBFB}</UniqueIdentifier>
      <Extensions>h;hh;hpp;hxx;hm;inl;inc;xsd</Extensions>
    </Filter>
    <Filter Include="리소스 파일">
      <UniqueIdentifier>{67DA6AB6-F800-4c08-8B7A-83BB121AAD01}</UniqueIdentifier>
      <Extensions>rc;ico;cur;bmp;dlg;rc2;rct;bin;rgs;gif;jpg;jpeg;jpe;resx;tiff;tif;png;wav;mfcribbon-ms</Extensions>
    </Filter>
    <Filter Include="PhysicsSystem">
      <UniqueIdentifier>{7329569a-b29b-48a3-95de-d075ce038ebf}</UniqueIdentifier>
    </Filter>
    <Filter Include="Shape">
      <UniqueIdentifier>{e303f54d-91ff-48dd-8912-5f87ecbb0fad}</UniqueIdentifier>
    </Filter>
    <Filter Include="Interface">
      <UniqueIdentifier>{49cf7652-e7b8-4fc5-8548-06e14654b4c7}</UniqueIdentifier>
    </Filter>
    <Filter Include="Material">
      <UniqueIdentifier>{262150da-6e9d-431d-a0fb-6193c3f7eb12}</UniqueIdentifier>
    </Filter>
    <Filter Include="RigidBody">
      <UniqueIdentifier>{74bf80f9-d274-489f-a9c4-fc3edda60702}</UniqueIdentifier>
    </Filter>
    <Filter Include="Define">
      <UniqueIdentifier>{a30b15fb-5834-493c-8361-54055af39cd0}</UniqueIdentifier>
    </Filter>
    <Filter Include="Util">
      <UniqueIdentifier>{db2055f4-8837-4403-a23c-9be0d97bdecd}</UniqueIdentifier>
    </Filter>
    <Filter Include="Articulation">
      <UniqueIdentifier>{53a68fe8-1d8a-4179-bcab-262465340328}</UniqueIdentifier>
    </Filter>
    <Filter Include="Joint">
      <UniqueIdentifier>{3a1848be-8191-4eb8-8e70-966174ea51d3}</UniqueIdentifier>
    </Filter>
    <Filter Include="Constraint">
      <UniqueIdentifier>{7e5e56bb-5e52-4f67-96ac-2d96e7094259}</UniqueIdentifier>
    </Filter>
    <Filter Include="Aggregate">
      <UniqueIdentifier>{ee6f4458-6afd-43a5-802f-f04ddf033bf8}</UniqueIdentifier>
    </Filter>
    <Filter Include="BVHStructure">
      <UniqueIdentifier>{e7becb09-203a-4785-ba23-76df25f68f0e}</UniqueIdentifier>
    </Filter>
  </ItemGroup>
  <ItemGroup>
    <Text Include="ReadMe.txt" />
  </ItemGroup>
  <ItemGroup>
    <ClInclude Include="stdafx.h">
      <Filter>헤더 파일</Filter>
    </ClInclude>
    <ClInclude Include="targetver.h">
      <Filter>헤더 파일</Filter>
    </ClInclude>
    <ClInclude Include="PhysicsSystem.h">
      <Filter>PhysicsSystem</Filter>
    </ClInclude>
    <ClInclude Include="PhysicsDefine.h">
      <Filter>Define</Filter>
    </ClInclude>
    <ClInclude Include="PhysicsInterface.h">
      <Filter>Interface</Filter>
    </ClInclude>
    <ClInclude Include="RigidBody.h">
      <Filter>RigidBody</Filter>
    </ClInclude>
    <ClInclude Include="PhysicsUtil.h">
      <Filter>Util</Filter>
    </ClInclude>
    <ClInclude Include="PhysicsMaterial.h">
      <Filter>Material</Filter>
    </ClInclude>
    <ClInclude Include="PhysicsShape.h">
      <Filter>Shape</Filter>
    </ClInclude>
    <ClInclude Include="Articulation.h">
      <Filter>Articulation</Filter>
    </ClInclude>
    <ClInclude Include="Joint.h">
      <Filter>Joint</Filter>
    </ClInclude>
    <ClInclude Include="Constraint.h">
      <Filter>Constraint</Filter>
    </ClInclude>
    <ClInclude Include="Aggregate.h">
      <Filter>Aggregate</Filter>
    </ClInclude>
    <ClInclude Include="BVHStructure.h">
      <Filter>BVHStructure</Filter>
    </ClInclude>
  </ItemGroup>
  <ItemGroup>
    <ClCompile Include="stdafx.cpp">
      <Filter>소스 파일</Filter>
    </ClCompile>
    <ClCompile Include="PhysicsSystem.cpp">
      <Filter>PhysicsSystem</Filter>
    </ClCompile>
    <ClCompile Include="PhysicsDefine.cpp">
      <Filter>Define</Filter>
    </ClCompile>
    <ClCompile Include="PhysicsInterface.cpp">
      <Filter>Interface</Filter>
    </ClCompile>
    <ClCompile Include="RigidBody.cpp">
      <Filter>RigidBody</Filter>
    </ClCompile>
    <ClCompile Include="PhysicsUtil.cpp">
      <Filter>Util</Filter>
    </ClCompile>
    <ClCompile Include="PhysicsMaterial.cpp">
      <Filter>Material</Filter>
    </ClCompile>
    <ClCompile Include="PhysicsShape.cpp">
      <Filter>Shape</Filter>
    </ClCompile>
    <ClCompile Include="Articulation.cpp">
      <Filter>Articulation</Filter>
    </ClCompile>
    <ClCompile Include="Joint.cpp">
      <Filter>Joint</Filter>
    </ClCompile>
    <ClCompile Include="Constraint.cpp">
      <Filter>Constraint</Filter>
    </ClCompile>
    <ClCompile Include="Aggregate.cpp">
      <Filter>Aggregate</Filter>
    </ClCompile>
    <ClCompile Include="BVHStructure.cpp">
      <Filter>BVHStructure</Filter>
    </ClCompile>
  </ItemGroup>
</Project>