<?xml version="1.0" encoding="utf-8"?>
<Project ToolsVersion="4.0" xmlns="http://schemas.microsoft.com/developer/msbuild/2003">
  <ItemGroup>
    <Filter Include="소스 파일">
      <UniqueIdentifier>{4FC737F1-C7A5-4376-A066-2A32D752A2FF}</UniqueIdentifier>
      <Extensions>cpp;c;cc;cxx;def;odl;idl;hpj;bat;asm;asmx</Extensions>
    </Filter>
    <Filter Include="헤더 파일">
      <UniqueIdentifier>{93995380-89BD-4b04-88EB-625FBE52EBFB}</UniqueIdentifier>
      <Extensions>h;hh;hpp;hxx;hm;inl;inc;xsd</Extensions>
    </Filter>
    <Filter Include="리소스 파일">
      <UniqueIdentifier>{67DA6AB6-F800-4c08-8B7A-83BB121AAD01}</UniqueIdentifier>
      <Extensions>rc;ico;cur;bmp;dlg;rc2;rct;bin;rgs;gif;jpg;jpeg;jpe;resx;tiff;tif;png;wav;mfcribbon-ms</Extensions>
    </Filter>
    <Filter Include="Renderer">
      <UniqueIdentifier>{4652d83d-b74f-4ccd-aee9-2c75e52b2e77}</UniqueIdentifier>
    </Filter>
    <Filter Include="Renderer\Model">
      <UniqueIdentifier>{18f399fc-ccf1-45f6-bb83-8f6ffdcd84a7}</UniqueIdentifier>
    </Filter>
    <Filter Include="Renderer\UI">
      <UniqueIdentifier>{0864141d-3d60-4304-b04b-2d539b5e9759}</UniqueIdentifier>
    </Filter>
    <Filter Include="Renderer\Terrain">
      <UniqueIdentifier>{a7c41d32-05fc-455b-8d2a-c55651594e22}</UniqueIdentifier>
    </Filter>
    <Filter Include="Instancing">
      <UniqueIdentifier>{4b7c1a7e-602e-4773-b4ee-8c4836132425}</UniqueIdentifier>
    </Filter>
    <Filter Include="Renderer\PostProcessing">
      <UniqueIdentifier>{a51167fb-8a72-4737-b589-0598df8359ae}</UniqueIdentifier>
    </Filter>
    <Filter Include="Renderer\Deferred">
      <UniqueIdentifier>{4947940f-a7f0-4604-98ce-506954257083}</UniqueIdentifier>
    </Filter>
    <Filter Include="Renderer\Interface">
      <UniqueIdentifier>{023047c5-420c-4275-98cd-35099d0598df}</UniqueIdentifier>
    </Filter>
    <Filter Include="Renderer\Sky">
      <UniqueIdentifier>{51a8f989-0989-4dc9-9d0d-8433674d01e0}</UniqueIdentifier>
    </Filter>
    <Filter Include="Renderer\Vertex">
      <UniqueIdentifier>{9dd640d4-0c50-450e-9cc8-f593a4ba5bb1}</UniqueIdentifier>
    </Filter>
    <Filter Include="Renderer\PostProcessing\FXAA">
      <UniqueIdentifier>{2fd990c3-f776-4a7c-951e-65801d6bca49}</UniqueIdentifier>
    </Filter>
    <Filter Include="Renderer\Water">
      <UniqueIdentifier>{65dfa3d3-ed79-4509-9f0d-90fadc7f9e07}</UniqueIdentifier>
    </Filter>
    <Filter Include="Renderer\Water\Simulator">
      <UniqueIdentifier>{7a4f3480-473b-4619-9671-a8af00338b68}</UniqueIdentifier>
    </Filter>
    <Filter Include="Renderer\PostProcessing\ColorGrading">
      <UniqueIdentifier>{02502500-ece9-49b6-a097-54f08469940b}</UniqueIdentifier>
    </Filter>
    <Filter Include="Renderer\PostProcessing\HDR">
      <UniqueIdentifier>{5840c589-083a-4f5f-960e-a3b056dc5656}</UniqueIdentifier>
    </Filter>
    <Filter Include="Subsets">
      <UniqueIdentifier>{10f5d40e-1817-4aa0-aab9-42d9ce4fe595}</UniqueIdentifier>
    </Filter>
    <Filter Include="Renderer\PostProcessing\ASSAO">
      <UniqueIdentifier>{cb361e63-f634-4aac-89c2-4582b77b6cbf}</UniqueIdentifier>
    </Filter>
    <Filter Include="Renderer\Particle">
      <UniqueIdentifier>{7b2e2aa9-a7c7-425f-ae98-96dd20caf4fa}</UniqueIdentifier>
    </Filter>
    <Filter Include="Renderer\PostProcessing\DOF">
      <UniqueIdentifier>{5df09b81-c159-4992-ae55-150003e15189}</UniqueIdentifier>
    </Filter>
    <Filter Include="Renderer\PostProcessing\Downscale">
      <UniqueIdentifier>{070c1780-8ee6-43d9-8b24-e0dd850b1254}</UniqueIdentifier>
    </Filter>
    <Filter Include="Renderer\PostProcessing\GaussianBlur">
      <UniqueIdentifier>{271f14c2-2cc0-455a-9698-387fc3aea60d}</UniqueIdentifier>
    </Filter>
    <Filter Include="Renderer\PostProcessing\SSS">
      <UniqueIdentifier>{9ddfc154-5d2b-4ba8-b4ab-237a4bc2ae39}</UniqueIdentifier>
    </Filter>
    <Filter Include="Renderer\PostProcessing\BloomFilter">
      <UniqueIdentifier>{3fa8718d-4a80-465e-a7b7-5ad0bfab0e40}</UniqueIdentifier>
    </Filter>
  </ItemGroup>
  <ItemGroup>
    <Text Include="ReadMe.txt" />
  </ItemGroup>
  <ItemGroup>
    <ClInclude Include="stdafx.h">
      <Filter>헤더 파일</Filter>
    </ClInclude>
    <ClInclude Include="targetver.h">
      <Filter>헤더 파일</Filter>
    </ClInclude>
    <ClInclude Include="UIRenderer.h">
      <Filter>Renderer\UI</Filter>
    </ClInclude>
    <ClInclude Include="TerrainRenderer.h">
      <Filter>Renderer\Terrain</Filter>
    </ClInclude>
    <ClInclude Include="ModelRenderer.h">
      <Filter>Renderer\Model</Filter>
    </ClInclude>
    <ClInclude Include="DeferredRenderer.h">
      <Filter>Renderer\Deferred</Filter>
    </ClInclude>
    <ClInclude Include="PostProcessingRenderer.h">
      <Filter>Renderer\PostProcessing</Filter>
    </ClInclude>
    <ClInclude Include="SkyRenderer.h">
      <Filter>Renderer\Sky</Filter>
    </ClInclude>
    <ClInclude Include="VertexRenderer.h">
      <Filter>Renderer\Vertex</Filter>
    </ClInclude>
    <ClInclude Include="FXAA.h">
      <Filter>Renderer\PostProcessing\FXAA</Filter>
    </ClInclude>
    <ClInclude Include="WaterRenderer.h">
      <Filter>Renderer\Water</Filter>
    </ClInclude>
    <ClInclude Include="WaterSimulator.h">
      <Filter>Renderer\Water\Simulator</Filter>
    </ClInclude>
    <ClInclude Include="ColorGrading.h">
      <Filter>Renderer\PostProcessing\ColorGrading</Filter>
    </ClInclude>
    <ClInclude Include="HDRFilter.h">
      <Filter>Renderer\PostProcessing\HDR</Filter>
    </ClInclude>
    <ClInclude Include="ASSAO.h">
      <Filter>Renderer\PostProcessing\ASSAO</Filter>
    </ClInclude>
    <ClInclude Include="ParticleRenderer.h">
      <Filter>Renderer\Particle</Filter>
    </ClInclude>
    <ClInclude Include="Renderer.h">
      <Filter>Renderer\Interface</Filter>
    </ClInclude>
    <ClInclude Include="DepthOfField.h">
      <Filter>Renderer\PostProcessing\DOF</Filter>
    </ClInclude>
    <ClInclude Include="GaussianBlur.h">
      <Filter>Renderer\PostProcessing\GaussianBlur</Filter>
    </ClInclude>
    <ClInclude Include="Downscale.h">
      <Filter>Renderer\PostProcessing\Downscale</Filter>
    </ClInclude>
    <ClInclude Include="RendererManager.h">
      <Filter>Renderer</Filter>
    </ClInclude>
    <ClInclude Include="SSS.h">
      <Filter>Renderer\PostProcessing\SSS</Filter>
    </ClInclude>
    <ClInclude Include="BloomFilter.h">
      <Filter>Renderer\PostProcessing\BloomFilter</Filter>
    </ClInclude>
  </ItemGroup>
  <ItemGroup>
    <ClCompile Include="stdafx.cpp">
      <Filter>소스 파일</Filter>
    </ClCompile>
    <ClCompile Include="UIRenderer.cpp">
      <Filter>Renderer\UI</Filter>
    </ClCompile>
    <ClCompile Include="TerrainRenderer.cpp">
      <Filter>Renderer\Terrain</Filter>
    </ClCompile>
    <ClCompile Include="ModelRenderer.cpp">
      <Filter>Renderer\Model</Filter>
    </ClCompile>
    <ClCompile Include="PostProcessingRenderer.cpp">
      <Filter>Renderer\PostProcessing</Filter>
    </ClCompile>
    <ClCompile Include="SkyRenderer.cpp">
      <Filter>Renderer\Sky</Filter>
    </ClCompile>
    <ClCompile Include="VertexRenderer.cpp">
      <Filter>Renderer\Vertex</Filter>
    </ClCompile>
    <ClCompile Include="FXAA.cpp">
      <Filter>Renderer\PostProcessing\FXAA</Filter>
    </ClCompile>
    <ClCompile Include="WaterRenderer.cpp">
      <Filter>Renderer\Water</Filter>
    </ClCompile>
    <ClCompile Include="WaterSimulator.cpp">
      <Filter>Renderer\Water\Simulator</Filter>
    </ClCompile>
    <ClCompile Include="ColorGrading.cpp">
      <Filter>Renderer\PostProcessing\ColorGrading</Filter>
    </ClCompile>
    <ClCompile Include="HDRFilter.cpp">
      <Filter>Renderer\PostProcessing\HDR</Filter>
    </ClCompile>
    <ClCompile Include="ASSAO.cpp">
      <Filter>Renderer\PostProcessing\ASSAO</Filter>
    </ClCompile>
    <ClCompile Include="ParticleRenderer.cpp">
      <Filter>Renderer\Particle</Filter>
    </ClCompile>
    <ClCompile Include="Renderer.cpp">
      <Filter>Renderer\Interface</Filter>
    </ClCompile>
    <ClCompile Include="DepthOfField.cpp">
      <Filter>Renderer\PostProcessing\DOF</Filter>
    </ClCompile>
    <ClCompile Include="GaussianBlur.cpp">
      <Filter>Renderer\PostProcessing\GaussianBlur</Filter>
    </ClCompile>
    <ClCompile Include="Downscale.cpp">
      <Filter>Renderer\PostProcessing\Downscale</Filter>
    </ClCompile>
    <ClCompile Include="RendererManager.cpp">
      <Filter>Renderer</Filter>
    </ClCompile>
    <ClCompile Include="SSS.cpp">
      <Filter>Renderer\PostProcessing\SSS</Filter>
    </ClCompile>
    <ClCompile Include="BloomFilter.cpp">
      <Filter>Renderer\PostProcessing\BloomFilter</Filter>
    </ClCompile>
    <ClCompile Include="DeferredRenderer.cpp">
      <Filter>Renderer\Deferred</Filter>
    </ClCompile>
  </ItemGroup>
</Project>