<?xml version="1.0" encoding="utf-8"?>
<Project ToolsVersion="4.0" xmlns="http://schemas.microsoft.com/developer/msbuild/2003">
  <ItemGroup>
    <Filter Include="소스 파일">
      <UniqueIdentifier>{4FC737F1-C7A5-4376-A066-2A32D752A2FF}</UniqueIdentifier>
      <Extensions>cpp;c;cc;cxx;def;odl;idl;hpj;bat;asm;asmx</Extensions>
    </Filter>
    <Filter Include="헤더 파일">
      <UniqueIdentifier>{93995380-89BD-4b04-88EB-625FBE52EBFB}</UniqueIdentifier>
      <Extensions>h;hh;hpp;hxx;hm;inl;inc;xsd</Extensions>
    </Filter>
    <Filter Include="리소스 파일">
      <UniqueIdentifier>{67DA6AB6-F800-4c08-8B7A-83BB121AAD01}</UniqueIdentifier>
      <Extensions>rc;ico;cur;bmp;dlg;rc2;rct;bin;rgs;gif;jpg;jpeg;jpe;resx;tiff;tif;png;wav;mfcribbon-ms</Extensions>
    </Filter>
    <Filter Include="Scene">
      <UniqueIdentifier>{fca68522-4223-4b0b-a737-c777a9958fa8}</UniqueIdentifier>
    </Filter>
    <Filter Include="UI">
      <UniqueIdentifier>{8cbd8c9b-f1cc-4feb-b948-32028beb2102}</UniqueIdentifier>
    </Filter>
    <Filter Include="UI\MaterialNode">
      <UniqueIdentifier>{24959c02-54a5-4a74-b619-1d4ff5256d5a}</UniqueIdentifier>
    </Filter>
    <Filter Include="Util">
      <UniqueIdentifier>{e0521d7f-82f6-4a6b-be40-744632ac4ded}</UniqueIdentifier>
    </Filter>
    <Filter Include="Scene\New">
      <UniqueIdentifier>{e811fc85-bf62-42e6-a75a-0eb0a63e523c}</UniqueIdentifier>
    </Filter>
  </ItemGroup>
  <ItemGroup>
    <Text Include="ReadMe.txt" />
  </ItemGroup>
  <ItemGroup>
    <ClInclude Include="stdafx.h">
      <Filter>헤더 파일</Filter>
    </ClInclude>
    <ClInclude Include="targetver.h">
      <Filter>헤더 파일</Filter>
    </ClInclude>
    <ClInclude Include="MaterialNodeManager.h">
      <Filter>UI\MaterialNode</Filter>
    </ClInclude>
    <ClInclude Include="SceneStudio.h">
      <Filter>Scene</Filter>
    </ClInclude>
    <ClInclude Include="SkeletonController.h">
      <Filter>Util</Filter>
    </ClInclude>
    <ClInclude Include="SceneNewStudio.h">
      <Filter>Scene\New</Filter>
    </ClInclude>
  </ItemGroup>
  <ItemGroup>
    <ClCompile Include="stdafx.cpp">
      <Filter>소스 파일</Filter>
    </ClCompile>
    <ClCompile Include="Studio.cpp">
      <Filter>소스 파일</Filter>
    </ClCompile>
    <ClCompile Include="SceneStudio.cpp">
      <Filter>Scene</Filter>
    </ClCompile>
    <ClCompile Include="MaterialNodeManager.cpp">
      <Filter>UI\MaterialNode</Filter>
    </ClCompile>
    <ClCompile Include="SkeletonController.cpp">
      <Filter>Util</Filter>
    </ClCompile>
    <ClCompile Include="SceneNewStudio.cpp">
      <Filter>Scene\New</Filter>
    </ClCompile>
  </ItemGroup>
</Project>